// !$*UTF8*$!
{
	archiveVersion = 1;
	classes = {
	};
	objectVersion = 63;
	objects = {

/* Begin PBXBuildFile section */
		02B3B596EC838081AA930CFA /* Localizable.strings in Resources */ = {isa = PBXBuildFile; fileRef = 8A49C48E72BE2A882170FC13 /* Localizable.strings */; };
		03E77333A27F521B5C08D640 /* (null) in Sources */ = {isa = PBXBuildFile; };
		06A9B5BCD6E6256D6F0C6156 /* KeychainManager.swift in Sources */ = {isa = PBXBuildFile; fileRef = 8229C878112205CC1B818EF6 /* KeychainManager.swift */; };
		06C320ADF82A67FA6555CE32 /* Resources/Assets/Assets.xcassets in Resources */ = {isa = PBXBuildFile; fileRef = 577ED0340DAB4739BCDAEFC6 /* Resources/Assets/Assets.xcassets */; };
		0CDCA026A4CCA7C08E39B05D /* NetworkSecurityManager.swift in Sources */ = {isa = PBXBuildFile; fileRef = 999712802FB66BA479AFA571 /* NetworkSecurityManager.swift */; };
		113ED667AF374EA6A386AC39 /* UsageStatsCard.swift in Sources */ = {isa = PBXBuildFile; fileRef = 6C8EE93A66FBF2A8778DF20D /* UsageStatsCard.swift */; };
		11A651F9927F6D0C4946172D /* FirebaseStorage in Frameworks */ = {isa = PBXBuildFile; productRef = 2DB4C7213D368AA6287D930D /* FirebaseStorage */; };
		128EE35958ECC095A111B0C3 /* SpeakEasyIcon.swift in Sources */ = {isa = PBXBuildFile; fileRef = 92E9E627B31EE727F4EAE173 /* SpeakEasyIcon.swift */; };
		15753D49D56E614CBF7240F7 /* AuthViewModel.swift in Sources */ = {isa = PBXBuildFile; fileRef = 028FF42838DB52002D9A04B3 /* AuthViewModel.swift */; };
		16E0C76678315EE1DD76E1F2 /* Foundation.framework in Frameworks */ = {isa = PBXBuildFile; fileRef = 63358FB1F095BAD2F4DF2AE5 /* Foundation.framework */; };
		1A942D39398417A63F4FAA8B /* WatchConnectivity.framework in Frameworks */ = {isa = PBXBuildFile; fileRef = BB06FBD6060F9943B627FBFA /* WatchConnectivity.framework */; };
		1AF4CC44F0CA15BAE66B655C /* UsageTrackingService.swift in Sources */ = {isa = PBXBuildFile; fileRef = 7151B6ACCBC6F309E4979F3B /* UsageTrackingService.swift */; };
		1B44A5D82070BFC2C302AC8D /* (null) in Sources */ = {isa = PBXBuildFile; };
		24A7228F5A671ECC22A9F4F0 /* FirebaseAuth in Frameworks */ = {isa = PBXBuildFile; productRef = 43E6F3803B48A5BFF2DCE2FD /* FirebaseAuth */; };
		30EC02ABA4E288A116A283C8 /* FirebaseFirestoreSwift in Frameworks */ = {isa = PBXBuildFile; productRef = 1F03BBBBBEDE976FE38C47C3 /* FirebaseFirestoreSwift */; };
		312221B3F5ACC468D4496419 /* LegalDocumentView.swift in Sources */ = {isa = PBXBuildFile; fileRef = 008636DD4BAACBC1B34BC81E /* LegalDocumentView.swift */; };
		34360533E401443C46D1C6AC /* Localizable.strings in Resources */ = {isa = PBXBuildFile; fileRef = 3F19CE5DEF8473703CB36B99 /* Localizable.strings */; };
		36A4540C43F34BADFD13E7D9 /* SignInView.swift in Sources */ = {isa = PBXBuildFile; fileRef = A5CE947E79C159A08720BC92 /* SignInView.swift */; };
		37579BDD04350F3D3B7C00E4 /* ProfileView.swift in Sources */ = {isa = PBXBuildFile; fileRef = D0D78810219E504692342D82 /* ProfileView.swift */; };
		3B7B928F5DC843CF51DDCC73 /* PRIVACY_POLICY.md in Resources */ = {isa = PBXBuildFile; fileRef = 5F4694A7766267815150C51E /* PRIVACY_POLICY.md */; };
		3E9F5C4AA67D4EAB291C0EF8 /* SecureConfig.swift in Sources */ = {isa = PBXBuildFile; fileRef = AF3D7B966824E7229F3C72F9 /* SecureConfig.swift */; };
		3ED5595B7760AE9FC304E87B /* (null) in Sources */ = {isa = PBXBuildFile; };
		401C7608C3A6832B8D4D609D /* Foundation.framework in Frameworks */ = {isa = PBXBuildFile; fileRef = 63358FB1F095BAD2F4DF2AE5 /* Foundation.framework */; };
		411B3CCD041249F11A2FA0C3 /* SceneDelegate.swift in Sources */ = {isa = PBXBuildFile; fileRef = 27A2639274808AF858AD0112 /* SceneDelegate.swift */; };
		454193E2D73A8E69D8F1B0BC /* PurchaseViewModel.swift in Sources */ = {isa = PBXBuildFile; fileRef = 94245457DF96A04FA32838A6 /* PurchaseViewModel.swift */; };
		471CBC5178706885F1153E9F /* (null) in Resources */ = {isa = PBXBuildFile; };
		4865D4AAC7DF298439BABA5F /* WatchConnectivity.framework in Frameworks */ = {isa = PBXBuildFile; fileRef = 0955261519B8B5B7E6172C93 /* WatchConnectivity.framework */; };
		51DAC111AFC0180AA6BAD724 /* PurchaseSheet.swift in Sources */ = {isa = PBXBuildFile; fileRef = 322AC51DBFE4BE22DEA83746 /* PurchaseSheet.swift */; };
		5266A898E84A24F3EA023216 /* AudioManager.swift in Sources */ = {isa = PBXBuildFile; fileRef = 59D6DF412A6C20AAB3E704DA /* AudioManager.swift */; };
		5339429A0ECA7524D632F8D8 /* ConversationBubblesView.swift in Sources */ = {isa = PBXBuildFile; fileRef = BD4E1D36AAAE55BCB1B22A96 /* ConversationBubblesView.swift */; };
		5B48DCB0482B964B74E290D2 /* CreditsManager.swift in Sources */ = {isa = PBXBuildFile; fileRef = 67F69F45D7931C0BBE15C4DB /* CreditsManager.swift */; };
		5BD9C6D7B2F19752E2D29FF7 /* APIKeyManager.swift in Sources */ = {isa = PBXBuildFile; fileRef = 57FF363C7D52BA190FEC21E5 /* APIKeyManager.swift */; };
		63C2D18CD96CDF1DEA314898 /* LowBalanceToast.swift in Sources */ = {isa = PBXBuildFile; fileRef = 422C864D82B59035A63C12C4 /* LowBalanceToast.swift */; };
		7038CD0DB73768D0BDA91A09 /* ModernMicrophoneButton.swift in Sources */ = {isa = PBXBuildFile; fileRef = 2D277875FCDA3140E47D5F24 /* ModernMicrophoneButton.swift */; };
		71BE4D031160CF7746FA0335 /* Localizable.strings in Resources */ = {isa = PBXBuildFile; fileRef = C62D0501257218F50B887EF7 /* Localizable.strings */; };
		71F4D82563717CCD3F74BB06 /* AnonymousPurchaseSheet.swift in Sources */ = {isa = PBXBuildFile; fileRef = 4BDF4DFCF16A5DACC75FED25 /* AnonymousPurchaseSheet.swift */; };
		760EF37AC9D19DF88A33FEA9 /* Localizable.strings in Resources */ = {isa = PBXBuildFile; fileRef = DFD21758AB9E0D50E239DDA9 /* Localizable.strings */; };
		78C74474A6A7CBCBA020CC06 /* TranslationError.swift in Sources */ = {isa = PBXBuildFile; fileRef = 185831806BDFA33BC0C12BE6 /* TranslationError.swift */; };
		7B6CC68D17B37E809D8C366E /* Localizable.strings in Resources */ = {isa = PBXBuildFile; fileRef = CD082A6D561E3AA57CCEF381 /* Localizable.strings */; };
		857EC74520A88C69C896435E /* StoreManager.swift in Sources */ = {isa = PBXBuildFile; fileRef = 6D08AA36650064A3FB53B748 /* StoreManager.swift */; };
		878A0CFDA35575133E19E8B1 /* Localizable.strings in Resources */ = {isa = PBXBuildFile; fileRef = FF11D22F72855B6A4AD802B2 /* Localizable.strings */; };
		8D0621B0330BE089FD84C643 /* AccessibilitySupport.swift in Sources */ = {isa = PBXBuildFile; fileRef = BC3C89CD45A7884BE2619006 /* AccessibilitySupport.swift */; };
		8FCD3BF3CF50D59D098096F9 /* TranslationService.swift in Sources */ = {isa = PBXBuildFile; fileRef = 174D5358B849C480E39DB016 /* TranslationService.swift */; };
		9501B86316F94C58B4E3ABE1 /* ZeroBalanceToast.swift in Sources */ = {isa = PBXBuildFile; fileRef = 40276E9BE193B9B032D3FF42 /* ZeroBalanceToast.swift */; };
		952807026D0902C27D18807D /* WatchSessionManager.swift in Sources */ = {isa = PBXBuildFile; fileRef = B67A7C4B0552DEB5352B8651 /* WatchSessionManager.swift */; };
		9BC74F1C256BCE79C2640504 /* ModernLanguageSelector.swift in Sources */ = {isa = PBXBuildFile; fileRef = 7F0B29EB1271ED8E626D587A /* ModernLanguageSelector.swift */; };
		9C86E31BEDE265F861C38295 /* Localizable.strings in Resources */ = {isa = PBXBuildFile; fileRef = D10278DF283F9AE6FEE68912 /* Localizable.strings */; };
		9D31BD10C2B7A43FC3976FA9 /* LanguageChipsRow.swift in Sources */ = {isa = PBXBuildFile; fileRef = C18CBC6CC4360D74852462C8 /* LanguageChipsRow.swift */; };
		9E99294C46B4AD8346EAB90C /* UniversalTranslatorApp.swift in Sources */ = {isa = PBXBuildFile; fileRef = 9E9AFF452B3DDE396F5B1921 /* UniversalTranslatorApp.swift */; };
		A0CC4DC2ACD8ED11DB4CBADE /* ContentView.swift in Sources */ = {isa = PBXBuildFile; fileRef = BB75C492B93A3B0BF5BDB4B9 /* ContentView.swift */; };
		A29F8C340EB8C29B71C653B2 /* AnonymousCreditsManager.swift in Sources */ = {isa = PBXBuildFile; fileRef = 4B40C3FA80D47395A22ED0EE /* AnonymousCreditsManager.swift */; };
		A64710AED6114B86A63C0310 /* HeroHeader.swift in Sources */ = {isa = PBXBuildFile; fileRef = 0FE76FD11B42D56BA27A4285 /* HeroHeader.swift */; };
		A889BC26DA11C5FEF8CC573A /* NetworkConfig.swift in Sources */ = {isa = PBXBuildFile; fileRef = BE9FD0DA29395D8D3967DB92 /* NetworkConfig.swift */; };
		B26FFAC49DF3E3D88DC78903 /* DesignConstants.swift in Sources */ = {isa = PBXBuildFile; fileRef = 170364F6F1A03BAD03786714 /* DesignConstants.swift */; };
		B4FECB272FD5F8554109C8E1 /* (null) in Sources */ = {isa = PBXBuildFile; };
		B5291927E6AE64D8E5DACDC4 /* Localizable.strings in Resources */ = {isa = PBXBuildFile; fileRef = 08B6F181525D0A125308E1C5 /* Localizable.strings */; };
		B934FFD336D2DAB7C8565FEF /* CreditsBalanceView.swift in Sources */ = {isa = PBXBuildFile; fileRef = 44A853F60B093E2A9BAC8669 /* CreditsBalanceView.swift */; };
		BC87195FFC3BA6F6605CC322 /* Resources/Configuration/GoogleService-Info.plist in Resources */ = {isa = PBXBuildFile; fileRef = EA0483272E46D01B00F0DC51 /* Resources/Configuration/GoogleService-Info.plist */; };
		C530A49A46B4548700F43078 /* LanguageCardsSelector.swift in Sources */ = {isa = PBXBuildFile; fileRef = CB57B39A9135AC6F3D6DE6A2 /* LanguageCardsSelector.swift */; };
		CA009F6C327E04FA54EA8270 /* Localizable.strings in Resources */ = {isa = PBXBuildFile; fileRef = 5F81392413D116851B3D806D /* Localizable.strings */; };
		CA2F40E3A215B3F865370517 /* SpeakEasyColors.swift in Sources */ = {isa = PBXBuildFile; fileRef = 27E16E18B1D2FF2B5FACEF74 /* SpeakEasyColors.swift */; };
		CD450D48D90145CFFFC42087 /* Localizable.strings in Resources */ = {isa = PBXBuildFile; fileRef = 206486ADEB3FFB084BFC0CC0 /* Localizable.strings */; };
		CF9812F791EC7EA764D088F5 /* Localizable.strings in Resources */ = {isa = PBXBuildFile; fileRef = AD587C5D9EF33F74A757A6AA /* Localizable.strings */; };
		D7C5333F8B7FE5A1800F1719 /* FirebaseAnalytics in Frameworks */ = {isa = PBXBuildFile; productRef = 39FEAF9479B63DE143E7A747 /* FirebaseAnalytics */; };
		D86DC1AB1BB1A3C32DA006F0 /* Localizable.strings in Resources */ = {isa = PBXBuildFile; fileRef = 989A40DD54C3E7B0DE3FF207 /* Localizable.strings */; };
		D959C805232114B8D2901847 /* DeviceIdentity.swift in Sources */ = {isa = PBXBuildFile; fileRef = 8F6C87A1885FA16FD5C1580F /* DeviceIdentity.swift */; };
		DC35C3B6521E5D523CB4D674 /* ModernTextDisplayCard.swift in Sources */ = {isa = PBXBuildFile; fileRef = 366AC8D9A1E6ECBB1A13A538 /* ModernTextDisplayCard.swift */; };
		E365A80EFF30AE84559C37CF /* TERMS_OF_USE.md in Resources */ = {isa = PBXBuildFile; fileRef = 455ABC97CD860E8811F713D9 /* TERMS_OF_USE.md */; };
		E8FA40A5E2EDA1711E16CCC8 /* FirebaseFirestore in Frameworks */ = {isa = PBXBuildFile; productRef = 1533F91A3FF1E7F60AD75DB6 /* FirebaseFirestore */; };
		EADB5FBD2E4D5139005A74CD /* LaunchScreen.storyboard in Resources */ = {isa = PBXBuildFile; fileRef = EADB5FBC2E4D5139005A74CD /* LaunchScreen.storyboard */; };
		EADB5FC22E576DEF005A74CD /* ContentView.swift in Sources */ = {isa = PBXBuildFile; fileRef = EADB5FBE2E576DEF005A74CD /* ContentView.swift */; };
		EADB5FC32E576DEF005A74CD /* WatchConnectivityManager.swift in Sources */ = {isa = PBXBuildFile; fileRef = EADB5FC12E576DEF005A74CD /* WatchConnectivityManager.swift */; };
		EADB5FC42E576DEF005A74CD /* UniversalTranslatorWatchApp.swift in Sources */ = {isa = PBXBuildFile; fileRef = EADB5FBF2E576DEF005A74CD /* UniversalTranslatorWatchApp.swift */; };
		EADB5FC52E576DEF005A74CD /* WatchAudioManager.swift in Sources */ = {isa = PBXBuildFile; fileRef = EADB5FC02E576DEF005A74CD /* WatchAudioManager.swift */; };
		EADB5FC72E576EE1005A74CD /* WatchAssets.xcassets in Resources */ = {isa = PBXBuildFile; fileRef = EADB5FC62E576EE1005A74CD /* WatchAssets.xcassets */; };
		EADB5FCC2E576FC8005A74CD /* TranslationRequest.swift in Sources */ = {isa = PBXBuildFile; fileRef = EADB5FCA2E576FC8005A74CD /* TranslationRequest.swift */; };
		EADB5FCD2E576FC8005A74CD /* AudioConstants.swift in Sources */ = {isa = PBXBuildFile; fileRef = EADB5FC82E576FC8005A74CD /* AudioConstants.swift */; };
		EADB5FCE2E576FC8005A74CD /* TranslationError.swift in Sources */ = {isa = PBXBuildFile; fileRef = EADB5FC92E576FC8005A74CD /* TranslationError.swift */; };
		EADB5FCF2E576FC8005A74CD /* TranslationResponse.swift in Sources */ = {isa = PBXBuildFile; fileRef = EADB5FCB2E576FC8005A74CD /* TranslationResponse.swift */; };
		EADB5FD02E576FC8005A74CD /* TranslationRequest.swift in Sources */ = {isa = PBXBuildFile; fileRef = EADB5FCA2E576FC8005A74CD /* TranslationRequest.swift */; };
		EADB5FD12E576FC8005A74CD /* AudioConstants.swift in Sources */ = {isa = PBXBuildFile; fileRef = EADB5FC82E576FC8005A74CD /* AudioConstants.swift */; };
		EADB5FD22E576FC8005A74CD /* TranslationError.swift in Sources */ = {isa = PBXBuildFile; fileRef = EADB5FC92E576FC8005A74CD /* TranslationError.swift */; };
		EADB5FD32E576FC8005A74CD /* TranslationResponse.swift in Sources */ = {isa = PBXBuildFile; fileRef = EADB5FCB2E576FC8005A74CD /* TranslationResponse.swift */; };
		EADB5FD42E579207005A74CD /* UniversalTranslator Watch App.app in Embed Watch Content */ = {isa = PBXBuildFile; fileRef = 222C377315874FADD4536AB2 /* UniversalTranslator Watch App.app */; settings = {ATTRIBUTES = (RemoveHeadersOnCopy, ); }; };
		EE3A9B9C86D4EC596D5C9D79 /* TranslationResponse.swift in Sources */ = {isa = PBXBuildFile; fileRef = 694432A9A8D1446E370ADAB4 /* TranslationResponse.swift */; };
		F08FB427228E7067020C4D1D /* FirebaseConfigManager.swift in Sources */ = {isa = PBXBuildFile; fileRef = C40B321E9111B04D39305518 /* FirebaseConfigManager.swift */; };
		F624726373D5A389CFBFA2D9 /* UsageStatisticsView.swift in Sources */ = {isa = PBXBuildFile; fileRef = CC17D2EEA5CA3BC869AF05EC /* UsageStatisticsView.swift */; };
		F87D567F0AA4F978E8E52BD7 /* TranslationRequest.swift in Sources */ = {isa = PBXBuildFile; fileRef = FB15E5BD36668592E98E476A /* TranslationRequest.swift */; };
		F9018A79BBEE0CA4FD442636 /* AppDelegate.swift in Sources */ = {isa = PBXBuildFile; fileRef = 7DD8F86C605CC39E6021756A /* AppDelegate.swift */; };
		F913B285E525CFAFBD69E701 /* AudioConstants.swift in Sources */ = {isa = PBXBuildFile; fileRef = ACC7D9F548C051DEB0512CC0 /* AudioConstants.swift */; };
		FFF4EB123CDEF6FF7AF96E0E /* ModernAnimations.swift in Sources */ = {isa = PBXBuildFile; fileRef = 3AC61928A1813F880F970A6A /* ModernAnimations.swift */; };
/* End PBXBuildFile section */

/* Begin PBXContainerItemProxy section */
		23B1297B0871F0617C55D9E8 /* PBXContainerItemProxy */ = {
			isa = PBXContainerItemProxy;
			containerPortal = E7C7991A028B6E43CD4B1918 /* Project object */;
			proxyType = 1;
			remoteGlobalIDString = C9C0DFCE81E10BC23A9281F5;
			remoteInfo = "UniversalTranslator Watch App";
		};
		396F4A47347AAB7D8DFBAADA /* PBXContainerItemProxy */ = {
			isa = PBXContainerItemProxy;
			containerPortal = E7C7991A028B6E43CD4B1918 /* Project object */;
			proxyType = 1;
			remoteGlobalIDString = AFCDE5B1195253251FAE2763;
			remoteInfo = UniversalTranslator;
		};
		766CFA27216FAE09346FCECB /* PBXContainerItemProxy */ = {
			isa = PBXContainerItemProxy;
			containerPortal = E7C7991A028B6E43CD4B1918 /* Project object */;
			proxyType = 1;
			remoteGlobalIDString = AFCDE5B1195253251FAE2763;
			remoteInfo = UniversalTranslator;
		};
		EADB5FD52E579207005A74CD /* PBXContainerItemProxy */ = {
			isa = PBXContainerItemProxy;
			containerPortal = E7C7991A028B6E43CD4B1918 /* Project object */;
			proxyType = 1;
			remoteGlobalIDString = C9C0DFCE81E10BC23A9281F5;
			remoteInfo = "UniversalTranslator Watch App";
		};
		EADB5FD82E579222005A74CD /* PBXContainerItemProxy */ = {
			isa = PBXContainerItemProxy;
			containerPortal = E7C7991A028B6E43CD4B1918 /* Project object */;
			proxyType = 1;
			remoteGlobalIDString = C9C0DFCE81E10BC23A9281F5;
			remoteInfo = "UniversalTranslator Watch App";
		};
		EAF0B6EA2E48E54700EE3653 /* PBXContainerItemProxy */ = {
			isa = PBXContainerItemProxy;
			containerPortal = E7C7991A028B6E43CD4B1918 /* Project object */;
			proxyType = 1;
			remoteGlobalIDString = C9C0DFCE81E10BC23A9281F5;
			remoteInfo = "UniversalTranslator Watch App";
		};
/* End PBXContainerItemProxy section */

/* Begin PBXCopyFilesBuildPhase section */
		EADB5FD72E579207005A74CD /* Embed Watch Content */ = {
			isa = PBXCopyFilesBuildPhase;
			buildActionMask = 2147483647;
			dstPath = "$(CONTENTS_FOLDER_PATH)/Watch";
			dstSubfolderSpec = 16;
			files = (
				EADB5FD42E579207005A74CD /* UniversalTranslator Watch App.app in Embed Watch Content */,
			);
			name = "Embed Watch Content";
			runOnlyForDeploymentPostprocessing = 0;
		};
/* End PBXCopyFilesBuildPhase section */

/* Begin PBXFileReference section */
		008636DD4BAACBC1B34BC81E /* LegalDocumentView.swift */ = {isa = PBXFileReference; includeInIndex = 1; lastKnownFileType = sourcecode.swift; name = LegalDocumentView.swift; path = Sources/Views/LegalDocumentView.swift; sourceTree = "<group>"; };
		028FF42838DB52002D9A04B3 /* AuthViewModel.swift */ = {isa = PBXFileReference; includeInIndex = 1; lastKnownFileType = sourcecode.swift; name = AuthViewModel.swift; path = Sources/ViewModels/AuthViewModel.swift; sourceTree = "<group>"; };
		05A353AEBB2BF5099E79B910 /* UniversalTranslator.app */ = {isa = PBXFileReference; explicitFileType = wrapper.application; includeInIndex = 0; path = UniversalTranslator.app; sourceTree = BUILT_PRODUCTS_DIR; };
		0955261519B8B5B7E6172C93 /* WatchConnectivity.framework */ = {isa = PBXFileReference; lastKnownFileType = wrapper.framework; name = WatchConnectivity.framework; path = System/Library/Frameworks/WatchConnectivity.framework; sourceTree = SDKROOT; };
		0FE76FD11B42D56BA27A4285 /* HeroHeader.swift */ = {isa = PBXFileReference; includeInIndex = 1; lastKnownFileType = sourcecode.swift; name = HeroHeader.swift; path = Sources/Components/HeroHeader.swift; sourceTree = "<group>"; };
		1631FD2A011C7010D758EE00 /* UniversalTranslator.xctest */ = {isa = PBXFileReference; explicitFileType = wrapper.cfbundle; includeInIndex = 0; path = UniversalTranslator.xctest; sourceTree = BUILT_PRODUCTS_DIR; };
		170364F6F1A03BAD03786714 /* DesignConstants.swift */ = {isa = PBXFileReference; includeInIndex = 1; lastKnownFileType = sourcecode.swift; name = DesignConstants.swift; path = Sources/Utilities/DesignConstants.swift; sourceTree = "<group>"; };
		174D5358B849C480E39DB016 /* TranslationService.swift */ = {isa = PBXFileReference; includeInIndex = 1; lastKnownFileType = sourcecode.swift; name = TranslationService.swift; path = Sources/Services/TranslationService.swift; sourceTree = "<group>"; };
		185831806BDFA33BC0C12BE6 /* TranslationError.swift */ = {isa = PBXFileReference; includeInIndex = 1; lastKnownFileType = sourcecode.swift; name = TranslationError.swift; path = ../Shared/Models/TranslationError.swift; sourceTree = "<group>"; };
		199521D8801D5AA67B0FAB6F /* UniversalTranslator.xctest */ = {isa = PBXFileReference; explicitFileType = wrapper.cfbundle; includeInIndex = 0; path = UniversalTranslator.xctest; sourceTree = BUILT_PRODUCTS_DIR; };
		206486ADEB3FFB084BFC0CC0 /* Localizable.strings */ = {isa = PBXFileReference; includeInIndex = 1; lastKnownFileType = text.plist.strings; name = Localizable.strings; path = "Resources/Localization/pt-BR.lproj/Localizable.strings"; sourceTree = "<group>"; };
		222C377315874FADD4536AB2 /* UniversalTranslator Watch App.app */ = {isa = PBXFileReference; explicitFileType = wrapper.application; includeInIndex = 0; path = "UniversalTranslator Watch App.app"; sourceTree = BUILT_PRODUCTS_DIR; };
		269574400E0C2EF26F840BAE /* en */ = {isa = PBXFileReference; includeInIndex = 1; lastKnownFileType = text.plist.strings; name = en; path = en.lproj/Localizable.strings; sourceTree = "<group>"; };
		27A2639274808AF858AD0112 /* SceneDelegate.swift */ = {isa = PBXFileReference; includeInIndex = 1; lastKnownFileType = sourcecode.swift; name = SceneDelegate.swift; path = Sources/App/SceneDelegate.swift; sourceTree = "<group>"; };
		27E16E18B1D2FF2B5FACEF74 /* SpeakEasyColors.swift */ = {isa = PBXFileReference; includeInIndex = 1; lastKnownFileType = sourcecode.swift; name = SpeakEasyColors.swift; path = Sources/Utilities/SpeakEasyColors.swift; sourceTree = "<group>"; };
		2952DE4DAF50F1920A989607 /* de */ = {isa = PBXFileReference; includeInIndex = 1; lastKnownFileType = text.plist.strings; name = de; path = de.lproj/Localizable.strings; sourceTree = "<group>"; };
		2D277875FCDA3140E47D5F24 /* ModernMicrophoneButton.swift */ = {isa = PBXFileReference; includeInIndex = 1; lastKnownFileType = sourcecode.swift; name = ModernMicrophoneButton.swift; path = Sources/Components/ModernMicrophoneButton.swift; sourceTree = "<group>"; };
		3190D43A0DF5D17D73EFFBD3 /* Products.storekit */ = {isa = PBXFileReference; includeInIndex = 1; lastKnownFileType = text; name = Products.storekit; path = Resources/Configuration/Products.storekit; sourceTree = "<group>"; };
		322AC51DBFE4BE22DEA83746 /* PurchaseSheet.swift */ = {isa = PBXFileReference; includeInIndex = 1; lastKnownFileType = sourcecode.swift; name = PurchaseSheet.swift; path = Sources/Views/PurchaseSheet.swift; sourceTree = "<group>"; };
		366AC8D9A1E6ECBB1A13A538 /* ModernTextDisplayCard.swift */ = {isa = PBXFileReference; includeInIndex = 1; lastKnownFileType = sourcecode.swift; name = ModernTextDisplayCard.swift; path = Sources/Components/ModernTextDisplayCard.swift; sourceTree = "<group>"; };
		3AC61928A1813F880F970A6A /* ModernAnimations.swift */ = {isa = PBXFileReference; includeInIndex = 1; lastKnownFileType = sourcecode.swift; name = ModernAnimations.swift; path = Sources/Extensions/ModernAnimations.swift; sourceTree = "<group>"; };
		3F19CE5DEF8473703CB36B99 /* Localizable.strings */ = {isa = PBXFileReference; includeInIndex = 1; lastKnownFileType = text.plist.strings; name = Localizable.strings; path = Resources/Localization/hi.lproj/Localizable.strings; sourceTree = "<group>"; };
		40276E9BE193B9B032D3FF42 /* ZeroBalanceToast.swift */ = {isa = PBXFileReference; includeInIndex = 1; lastKnownFileType = sourcecode.swift; name = ZeroBalanceToast.swift; path = Sources/Components/ZeroBalanceToast.swift; sourceTree = "<group>"; };
		422C864D82B59035A63C12C4 /* LowBalanceToast.swift */ = {isa = PBXFileReference; includeInIndex = 1; lastKnownFileType = sourcecode.swift; name = LowBalanceToast.swift; path = Sources/Components/LowBalanceToast.swift; sourceTree = "<group>"; };
		44A853F60B093E2A9BAC8669 /* CreditsBalanceView.swift */ = {isa = PBXFileReference; includeInIndex = 1; lastKnownFileType = sourcecode.swift; name = CreditsBalanceView.swift; path = Sources/Views/CreditsBalanceView.swift; sourceTree = "<group>"; };
		455ABC97CD860E8811F713D9 /* TERMS_OF_USE.md */ = {isa = PBXFileReference; includeInIndex = 1; lastKnownFileType = net.daringfireball.markdown; name = TERMS_OF_USE.md; path = Resources/Legal/TERMS_OF_USE.md; sourceTree = "<group>"; };
		4B40C3FA80D47395A22ED0EE /* AnonymousCreditsManager.swift */ = {isa = PBXFileReference; includeInIndex = 1; lastKnownFileType = sourcecode.swift; name = AnonymousCreditsManager.swift; path = Sources/Managers/AnonymousCreditsManager.swift; sourceTree = "<group>"; };
		4BDF4DFCF16A5DACC75FED25 /* AnonymousPurchaseSheet.swift */ = {isa = PBXFileReference; includeInIndex = 1; lastKnownFileType = sourcecode.swift; name = AnonymousPurchaseSheet.swift; path = Sources/Views/AnonymousPurchaseSheet.swift; sourceTree = "<group>"; };
		54FE9C0AE04185601A3047B4 /* Info.plist */ = {isa = PBXFileReference; includeInIndex = 1; lastKnownFileType = text.plist.xml; name = Info.plist; path = ../watchOS/Info.plist; sourceTree = "<group>"; };
		577ED0340DAB4739BCDAEFC6 /* Resources/Assets/Assets.xcassets */ = {isa = PBXFileReference; lastKnownFileType = folder.assetcatalog; path = Resources/Assets/Assets.xcassets; sourceTree = "<group>"; };
		57FF363C7D52BA190FEC21E5 /* APIKeyManager.swift */ = {isa = PBXFileReference; includeInIndex = 1; lastKnownFileType = sourcecode.swift; name = APIKeyManager.swift; path = Sources/Managers/APIKeyManager.swift; sourceTree = "<group>"; };
		58C77D3AB8796AAC17E91783 /* ru */ = {isa = PBXFileReference; includeInIndex = 1; lastKnownFileType = text.plist.strings; name = ru; path = ru.lproj/Localizable.strings; sourceTree = "<group>"; };
		59D6DF412A6C20AAB3E704DA /* AudioManager.swift */ = {isa = PBXFileReference; includeInIndex = 1; lastKnownFileType = sourcecode.swift; name = AudioManager.swift; path = Sources/Managers/AudioManager.swift; sourceTree = "<group>"; };
		5F4694A7766267815150C51E /* PRIVACY_POLICY.md */ = {isa = PBXFileReference; includeInIndex = 1; lastKnownFileType = net.daringfireball.markdown; name = PRIVACY_POLICY.md; path = Resources/Legal/PRIVACY_POLICY.md; sourceTree = "<group>"; };
		5F81392413D116851B3D806D /* Localizable.strings */ = {isa = PBXFileReference; includeInIndex = 1; lastKnownFileType = text.plist.strings; name = Localizable.strings; path = Resources/Localization/ru.lproj/Localizable.strings; sourceTree = "<group>"; };
		61009A9B1D52FDC8FF6A7F36 /* ar */ = {isa = PBXFileReference; includeInIndex = 1; lastKnownFileType = text.plist.strings; name = ar; path = ar.lproj/Localizable.strings; sourceTree = "<group>"; };
		63358FB1F095BAD2F4DF2AE5 /* Foundation.framework */ = {isa = PBXFileReference; lastKnownFileType = wrapper.framework; name = Foundation.framework; path = Platforms/iPhoneOS.platform/Developer/SDKs/iPhoneOS18.0.sdk/System/Library/Frameworks/Foundation.framework; sourceTree = DEVELOPER_DIR; };
		67F69F45D7931C0BBE15C4DB /* CreditsManager.swift */ = {isa = PBXFileReference; includeInIndex = 1; lastKnownFileType = sourcecode.swift; name = CreditsManager.swift; path = Sources/Managers/CreditsManager.swift; sourceTree = "<group>"; };
		694432A9A8D1446E370ADAB4 /* TranslationResponse.swift */ = {isa = PBXFileReference; includeInIndex = 1; lastKnownFileType = sourcecode.swift; name = TranslationResponse.swift; path = ../Shared/Models/TranslationResponse.swift; sourceTree = "<group>"; };
		6C8EE93A66FBF2A8778DF20D /* UsageStatsCard.swift */ = {isa = PBXFileReference; includeInIndex = 1; lastKnownFileType = sourcecode.swift; name = UsageStatsCard.swift; path = Sources/Components/UsageStatsCard.swift; sourceTree = "<group>"; };
		6D08AA36650064A3FB53B748 /* StoreManager.swift */ = {isa = PBXFileReference; includeInIndex = 1; lastKnownFileType = sourcecode.swift; name = StoreManager.swift; path = Sources/Managers/StoreManager.swift; sourceTree = "<group>"; };
		711704F6EFABA256C448F2A8 /* fr */ = {isa = PBXFileReference; includeInIndex = 1; lastKnownFileType = text.plist.strings; name = fr; path = fr.lproj/Localizable.strings; sourceTree = "<group>"; };
		7151B6ACCBC6F309E4979F3B /* UsageTrackingService.swift */ = {isa = PBXFileReference; includeInIndex = 1; lastKnownFileType = sourcecode.swift; name = UsageTrackingService.swift; path = Sources/Services/UsageTrackingService.swift; sourceTree = "<group>"; };
		7DD8F86C605CC39E6021756A /* AppDelegate.swift */ = {isa = PBXFileReference; includeInIndex = 1; lastKnownFileType = sourcecode.swift; name = AppDelegate.swift; path = Sources/App/AppDelegate.swift; sourceTree = "<group>"; };
		7F0B29EB1271ED8E626D587A /* ModernLanguageSelector.swift */ = {isa = PBXFileReference; includeInIndex = 1; lastKnownFileType = sourcecode.swift; name = ModernLanguageSelector.swift; path = Sources/Components/ModernLanguageSelector.swift; sourceTree = "<group>"; };
		8229C878112205CC1B818EF6 /* KeychainManager.swift */ = {isa = PBXFileReference; includeInIndex = 1; lastKnownFileType = sourcecode.swift; name = KeychainManager.swift; path = Sources/Utilities/KeychainManager.swift; sourceTree = "<group>"; };
		8A49C48E72BE2A882170FC13 /* Localizable.strings */ = {isa = PBXFileReference; includeInIndex = 1; lastKnownFileType = text.plist.strings; name = Localizable.strings; path = Resources/Localization/it.lproj/Localizable.strings; sourceTree = "<group>"; };
		8F6C87A1885FA16FD5C1580F /* DeviceIdentity.swift */ = {isa = PBXFileReference; includeInIndex = 1; lastKnownFileType = sourcecode.swift; name = DeviceIdentity.swift; path = Sources/Utilities/DeviceIdentity.swift; sourceTree = "<group>"; };
		92E9E627B31EE727F4EAE173 /* SpeakEasyIcon.swift */ = {isa = PBXFileReference; includeInIndex = 1; lastKnownFileType = sourcecode.swift; name = SpeakEasyIcon.swift; path = Sources/Components/SpeakEasyIcon.swift; sourceTree = "<group>"; };
		94245457DF96A04FA32838A6 /* PurchaseViewModel.swift */ = {isa = PBXFileReference; includeInIndex = 1; lastKnownFileType = sourcecode.swift; name = PurchaseViewModel.swift; path = Sources/ViewModels/PurchaseViewModel.swift; sourceTree = "<group>"; };
		989A40DD54C3E7B0DE3FF207 /* Localizable.strings */ = {isa = PBXFileReference; includeInIndex = 1; lastKnownFileType = text.plist.strings; name = Localizable.strings; path = Resources/Localization/ko.lproj/Localizable.strings; sourceTree = "<group>"; };
		98B52D389A6CF9B61F9DD742 /* it */ = {isa = PBXFileReference; includeInIndex = 1; lastKnownFileType = text.plist.strings; name = it; path = it.lproj/Localizable.strings; sourceTree = "<group>"; };
		999712802FB66BA479AFA571 /* NetworkSecurityManager.swift */ = {isa = PBXFileReference; includeInIndex = 1; lastKnownFileType = sourcecode.swift; name = NetworkSecurityManager.swift; path = Sources/Utilities/NetworkSecurityManager.swift; sourceTree = "<group>"; };
		9BA75DD708C67894696CECEB /* es */ = {isa = PBXFileReference; includeInIndex = 1; lastKnownFileType = text.plist.strings; name = es; path = es.lproj/Localizable.strings; sourceTree = "<group>"; };
		9E9AFF452B3DDE396F5B1921 /* UniversalTranslatorApp.swift */ = {isa = PBXFileReference; includeInIndex = 1; lastKnownFileType = sourcecode.swift; name = UniversalTranslatorApp.swift; path = Sources/App/UniversalTranslatorApp.swift; sourceTree = "<group>"; };
		A4C66B778FB11CE6C771E154 /* ko */ = {isa = PBXFileReference; includeInIndex = 1; lastKnownFileType = text.plist.strings; name = ko; path = ko.lproj/Localizable.strings; sourceTree = "<group>"; };
		A5CE947E79C159A08720BC92 /* SignInView.swift */ = {isa = PBXFileReference; includeInIndex = 1; lastKnownFileType = sourcecode.swift; name = SignInView.swift; path = Sources/Views/SignInView.swift; sourceTree = "<group>"; };
		ACC7D9F548C051DEB0512CC0 /* AudioConstants.swift */ = {isa = PBXFileReference; includeInIndex = 1; lastKnownFileType = sourcecode.swift; name = AudioConstants.swift; path = ../Shared/Models/AudioConstants.swift; sourceTree = "<group>"; };
		AD587C5D9EF33F74A757A6AA /* Localizable.strings */ = {isa = PBXFileReference; includeInIndex = 1; lastKnownFileType = text.plist.strings; name = Localizable.strings; path = Resources/Localization/en.lproj/Localizable.strings; sourceTree = "<group>"; };
		AF3D7B966824E7229F3C72F9 /* SecureConfig.swift */ = {isa = PBXFileReference; includeInIndex = 1; lastKnownFileType = sourcecode.swift; name = SecureConfig.swift; path = Sources/Configuration/SecureConfig.swift; sourceTree = "<group>"; };
		B67A7C4B0552DEB5352B8651 /* WatchSessionManager.swift */ = {isa = PBXFileReference; includeInIndex = 1; lastKnownFileType = sourcecode.swift; name = WatchSessionManager.swift; path = Sources/Managers/WatchSessionManager.swift; sourceTree = "<group>"; };
		B7E1F4956A369BC0E4761B82 /* zh-CN */ = {isa = PBXFileReference; includeInIndex = 1; lastKnownFileType = text.plist.strings; name = "zh-CN"; path = "Resources/Localization/zh-CN.lproj/Localizable.strings"; sourceTree = "<group>"; };
		BB06FBD6060F9943B627FBFA /* WatchConnectivity.framework */ = {isa = PBXFileReference; lastKnownFileType = wrapper.framework; name = WatchConnectivity.framework; path = System/Library/Frameworks/WatchConnectivity.framework; sourceTree = SDKROOT; };
		BB75C492B93A3B0BF5BDB4B9 /* ContentView.swift */ = {isa = PBXFileReference; includeInIndex = 1; lastKnownFileType = sourcecode.swift; name = ContentView.swift; path = Sources/Views/ContentView.swift; sourceTree = "<group>"; };
		BC3C89CD45A7884BE2619006 /* AccessibilitySupport.swift */ = {isa = PBXFileReference; includeInIndex = 1; lastKnownFileType = sourcecode.swift; name = AccessibilitySupport.swift; path = Sources/Extensions/AccessibilitySupport.swift; sourceTree = "<group>"; };
		BD4E1D36AAAE55BCB1B22A96 /* ConversationBubblesView.swift */ = {isa = PBXFileReference; includeInIndex = 1; lastKnownFileType = sourcecode.swift; name = ConversationBubblesView.swift; path = Sources/Components/ConversationBubblesView.swift; sourceTree = "<group>"; };
		BE9FD0DA29395D8D3967DB92 /* NetworkConfig.swift */ = {isa = PBXFileReference; includeInIndex = 1; lastKnownFileType = sourcecode.swift; name = NetworkConfig.swift; path = Sources/Utilities/NetworkConfig.swift; sourceTree = "<group>"; };
		BF8B4987657681146AD3153E /* zh-CN */ = {isa = PBXFileReference; includeInIndex = 1; lastKnownFileType = text.plist.strings; name = "zh-CN"; path = "Resources/Localization/zh-CN.lproj/Localizable.strings"; sourceTree = "<group>"; };
		C18CBC6CC4360D74852462C8 /* LanguageChipsRow.swift */ = {isa = PBXFileReference; includeInIndex = 1; lastKnownFileType = sourcecode.swift; name = LanguageChipsRow.swift; path = Sources/Components/LanguageChipsRow.swift; sourceTree = "<group>"; };
		C40B321E9111B04D39305518 /* FirebaseConfigManager.swift */ = {isa = PBXFileReference; includeInIndex = 1; lastKnownFileType = sourcecode.swift; name = FirebaseConfigManager.swift; path = Sources/Configuration/FirebaseConfigManager.swift; sourceTree = "<group>"; };
		C62D0501257218F50B887EF7 /* Localizable.strings */ = {isa = PBXFileReference; includeInIndex = 1; lastKnownFileType = text.plist.strings; name = Localizable.strings; path = Resources/Localization/fr.lproj/Localizable.strings; sourceTree = "<group>"; };
		CB57B39A9135AC6F3D6DE6A2 /* LanguageCardsSelector.swift */ = {isa = PBXFileReference; includeInIndex = 1; lastKnownFileType = sourcecode.swift; name = LanguageCardsSelector.swift; path = Sources/Components/LanguageCardsSelector.swift; sourceTree = "<group>"; };
		CC17D2EEA5CA3BC869AF05EC /* UsageStatisticsView.swift */ = {isa = PBXFileReference; includeInIndex = 1; lastKnownFileType = sourcecode.swift; name = UsageStatisticsView.swift; path = Sources/Views/UsageStatisticsView.swift; sourceTree = "<group>"; };
		CD082A6D561E3AA57CCEF381 /* Localizable.strings */ = {isa = PBXFileReference; includeInIndex = 1; lastKnownFileType = text.plist.strings; name = Localizable.strings; path = Resources/Localization/ja.lproj/Localizable.strings; sourceTree = "<group>"; };
		D0300DF263146515ACFC1117 /* ja */ = {isa = PBXFileReference; includeInIndex = 1; lastKnownFileType = text.plist.strings; name = ja; path = ja.lproj/Localizable.strings; sourceTree = "<group>"; };
		D0D78810219E504692342D82 /* ProfileView.swift */ = {isa = PBXFileReference; includeInIndex = 1; lastKnownFileType = sourcecode.swift; name = ProfileView.swift; path = Sources/Views/ProfileView.swift; sourceTree = "<group>"; };
		D10278DF283F9AE6FEE68912 /* Localizable.strings */ = {isa = PBXFileReference; includeInIndex = 1; lastKnownFileType = text.plist.strings; name = Localizable.strings; path = Resources/Localization/ar.lproj/Localizable.strings; sourceTree = "<group>"; };
		DFD21758AB9E0D50E239DDA9 /* Localizable.strings */ = {isa = PBXFileReference; includeInIndex = 1; lastKnownFileType = text.plist.strings; name = Localizable.strings; path = Resources/Localization/de.lproj/Localizable.strings; sourceTree = "<group>"; };
		E420A88031E718FBA982C50C /* Assets.xcassets */ = {isa = PBXFileReference; includeInIndex = 1; lastKnownFileType = folder.assetcatalog; name = Assets.xcassets; path = Resources/Assets/Assets.xcassets; sourceTree = "<group>"; };
		EA0483272E46D01B00F0DC51 /* Resources/Configuration/GoogleService-Info.plist */ = {isa = PBXFileReference; lastKnownFileType = text.plist.xml; path = "Resources/Configuration/GoogleService-Info.plist"; sourceTree = "<group>"; };
		EADB5FBC2E4D5139005A74CD /* LaunchScreen.storyboard */ = {isa = PBXFileReference; lastKnownFileType = file.storyboard; name = LaunchScreen.storyboard; path = Resources/Assets/LaunchScreen.storyboard; sourceTree = "<group>"; };
		EADB5FBE2E576DEF005A74CD /* ContentView.swift */ = {isa = PBXFileReference; lastKnownFileType = sourcecode.swift; name = ContentView.swift; path = ../watchOS/ContentView.swift; sourceTree = SOURCE_ROOT; };
		EADB5FBF2E576DEF005A74CD /* UniversalTranslatorWatchApp.swift */ = {isa = PBXFileReference; lastKnownFileType = sourcecode.swift; name = UniversalTranslatorWatchApp.swift; path = ../watchOS/UniversalTranslatorWatchApp.swift; sourceTree = SOURCE_ROOT; };
		EADB5FC02E576DEF005A74CD /* WatchAudioManager.swift */ = {isa = PBXFileReference; lastKnownFileType = sourcecode.swift; name = WatchAudioManager.swift; path = ../watchOS/WatchAudioManager.swift; sourceTree = SOURCE_ROOT; };
		EADB5FC12E576DEF005A74CD /* WatchConnectivityManager.swift */ = {isa = PBXFileReference; lastKnownFileType = sourcecode.swift; name = WatchConnectivityManager.swift; path = ../watchOS/WatchConnectivityManager.swift; sourceTree = SOURCE_ROOT; };
		EADB5FC62E576EE1005A74CD /* WatchAssets.xcassets */ = {isa = PBXFileReference; lastKnownFileType = folder.assetcatalog; name = WatchAssets.xcassets; path = ../watchOS/WatchAssets.xcassets; sourceTree = SOURCE_ROOT; };
		EADB5FC82E576FC8005A74CD /* AudioConstants.swift */ = {isa = PBXFileReference; lastKnownFileType = sourcecode.swift; name = AudioConstants.swift; path = ../Shared/Models/AudioConstants.swift; sourceTree = SOURCE_ROOT; };
		EADB5FC92E576FC8005A74CD /* TranslationError.swift */ = {isa = PBXFileReference; lastKnownFileType = sourcecode.swift; name = TranslationError.swift; path = ../Shared/Models/TranslationError.swift; sourceTree = SOURCE_ROOT; };
		EADB5FCA2E576FC8005A74CD /* TranslationRequest.swift */ = {isa = PBXFileReference; lastKnownFileType = sourcecode.swift; name = TranslationRequest.swift; path = ../Shared/Models/TranslationRequest.swift; sourceTree = SOURCE_ROOT; };
		EADB5FCB2E576FC8005A74CD /* TranslationResponse.swift */ = {isa = PBXFileReference; lastKnownFileType = sourcecode.swift; name = TranslationResponse.swift; path = ../Shared/Models/TranslationResponse.swift; sourceTree = SOURCE_ROOT; };
		EAF0B6F42E496B6900EE3653 /* Info.plist */ = {isa = PBXFileReference; lastKnownFileType = text.plist.xml; name = Info.plist; path = ../watchOS/Info.plist; sourceTree = SOURCE_ROOT; };
		F0E71E23B46B4B0C8077F5E9 /* hi */ = {isa = PBXFileReference; includeInIndex = 1; lastKnownFileType = text.plist.strings; name = hi; path = hi.lproj/Localizable.strings; sourceTree = "<group>"; };
		F6D19873A998DF6A83118E5A /* Portuguese (Brazil) */ = {isa = PBXFileReference; includeInIndex = 1; lastKnownFileType = text.plist.strings; name = "Portuguese (Brazil)"; path = "pt-BR.lproj/Localizable.strings"; sourceTree = "<group>"; };
		FB15E5BD36668592E98E476A /* TranslationRequest.swift */ = {isa = PBXFileReference; includeInIndex = 1; lastKnownFileType = sourcecode.swift; name = TranslationRequest.swift; path = ../Shared/Models/TranslationRequest.swift; sourceTree = "<group>"; };
		FF11D22F72855B6A4AD802B2 /* Localizable.strings */ = {isa = PBXFileReference; includeInIndex = 1; lastKnownFileType = text.plist.strings; name = Localizable.strings; path = Resources/Localization/es.lproj/Localizable.strings; sourceTree = "<group>"; };
/* End PBXFileReference section */

/* Begin PBXFrameworksBuildPhase section */
		0F3F7520910E3AAB8DB7DFC9 /* Frameworks */ = {
			isa = PBXFrameworksBuildPhase;
			buildActionMask = 2147483647;
			files = (
				16E0C76678315EE1DD76E1F2 /* Foundation.framework in Frameworks */,
			);
			runOnlyForDeploymentPostprocessing = 0;
		};
		1767338E0A70E81959EDF6EA /* Frameworks */ = {
			isa = PBXFrameworksBuildPhase;
			buildActionMask = 2147483647;
			files = (
				D7C5333F8B7FE5A1800F1719 /* FirebaseAnalytics in Frameworks */,
				24A7228F5A671ECC22A9F4F0 /* FirebaseAuth in Frameworks */,
				E8FA40A5E2EDA1711E16CCC8 /* FirebaseFirestore in Frameworks */,
				30EC02ABA4E288A116A283C8 /* FirebaseFirestoreSwift in Frameworks */,
				11A651F9927F6D0C4946172D /* FirebaseStorage in Frameworks */,
				1A942D39398417A63F4FAA8B /* WatchConnectivity.framework in Frameworks */,
			);
			runOnlyForDeploymentPostprocessing = 0;
		};
		5916FD7BD4A4500E2C06E857 /* Frameworks */ = {
			isa = PBXFrameworksBuildPhase;
			buildActionMask = 2147483647;
			files = (
				4865D4AAC7DF298439BABA5F /* WatchConnectivity.framework in Frameworks */,
			);
			runOnlyForDeploymentPostprocessing = 0;
		};
		A86B96AF0705CD3C9E354BF4 /* Frameworks */ = {
			isa = PBXFrameworksBuildPhase;
			buildActionMask = 2147483647;
			files = (
				401C7608C3A6832B8D4D609D /* Foundation.framework in Frameworks */,
			);
			runOnlyForDeploymentPostprocessing = 0;
		};
/* End PBXFrameworksBuildPhase section */

/* Begin PBXGroup section */
		02F187BE3DC96C76773204B0 /* Configuration */ = {
			isa = PBXGroup;
			children = (
				AF3D7B966824E7229F3C72F9 /* SecureConfig.swift */,
				C40B321E9111B04D39305518 /* FirebaseConfigManager.swift */,
			);
			name = Configuration;
			sourceTree = "<group>";
		};
		09094F6B645154860FDBB522 /* iOS */ = {
			isa = PBXGroup;
			children = (
				63358FB1F095BAD2F4DF2AE5 /* Foundation.framework */,
			);
			name = iOS;
			sourceTree = "<group>";
		};
		09AD697AB791DA9F3FC04948 /* Configuration */ = {
			isa = PBXGroup;
			children = (
				3190D43A0DF5D17D73EFFBD3 /* Products.storekit */,
			);
			name = Configuration;
			sourceTree = "<group>";
		};
		0A6C1780366A60C53522BACE /* it.lproj */ = {
			isa = PBXGroup;
			children = (
				8A49C48E72BE2A882170FC13 /* Localizable.strings */,
			);
			name = it.lproj;
			sourceTree = "<group>";
		};
		0CD2D13AB5AAB9DC865617B7 /* ar.lproj */ = {
			isa = PBXGroup;
			children = (
				D10278DF283F9AE6FEE68912 /* Localizable.strings */,
			);
			name = ar.lproj;
			sourceTree = "<group>";
		};
		1CCB65BFCB680702EAFF27DD /* Utilities */ = {
			isa = PBXGroup;
			children = (
				8229C878112205CC1B818EF6 /* KeychainManager.swift */,
				170364F6F1A03BAD03786714 /* DesignConstants.swift */,
				27E16E18B1D2FF2B5FACEF74 /* SpeakEasyColors.swift */,
				999712802FB66BA479AFA571 /* NetworkSecurityManager.swift */,
				BE9FD0DA29395D8D3967DB92 /* NetworkConfig.swift */,
				8F6C87A1885FA16FD5C1580F /* DeviceIdentity.swift */,
			);
			name = Utilities;
			sourceTree = "<group>";
		};
		27162B97F22AAED0989A8C46 /* Services */ = {
			isa = PBXGroup;
			children = (
				7151B6ACCBC6F309E4979F3B /* UsageTrackingService.swift */,
				174D5358B849C480E39DB016 /* TranslationService.swift */,
			);
			name = Services;
			sourceTree = "<group>";
		};
		2D919D80ED5122C63CCD290D /* es.lproj */ = {
			isa = PBXGroup;
			children = (
				FF11D22F72855B6A4AD802B2 /* Localizable.strings */,
			);
			name = es.lproj;
			sourceTree = "<group>";
		};
		325C537681D42FDA5351B108 /* Extensions */ = {
			isa = PBXGroup;
			children = (
				BC3C89CD45A7884BE2619006 /* AccessibilitySupport.swift */,
				3AC61928A1813F880F970A6A /* ModernAnimations.swift */,
			);
			name = Extensions;
			sourceTree = "<group>";
		};
		4768BC250B60832F1C8CB041 /* Components */ = {
			isa = PBXGroup;
			children = (
				2D277875FCDA3140E47D5F24 /* ModernMicrophoneButton.swift */,
				422C864D82B59035A63C12C4 /* LowBalanceToast.swift */,
				40276E9BE193B9B032D3FF42 /* ZeroBalanceToast.swift */,
				7F0B29EB1271ED8E626D587A /* ModernLanguageSelector.swift */,
				92E9E627B31EE727F4EAE173 /* SpeakEasyIcon.swift */,
				6C8EE93A66FBF2A8778DF20D /* UsageStatsCard.swift */,
				CB57B39A9135AC6F3D6DE6A2 /* LanguageCardsSelector.swift */,
				C18CBC6CC4360D74852462C8 /* LanguageChipsRow.swift */,
				BD4E1D36AAAE55BCB1B22A96 /* ConversationBubblesView.swift */,
				0FE76FD11B42D56BA27A4285 /* HeroHeader.swift */,
				366AC8D9A1E6ECBB1A13A538 /* ModernTextDisplayCard.swift */,
			);
			name = Components;
			sourceTree = "<group>";
		};
		4A5132BB0DF3195B1E9A7926 = {
			isa = PBXGroup;
			children = (
				EADB5FBC2E4D5139005A74CD /* LaunchScreen.storyboard */,
				EAF0B6F42E496B6900EE3653 /* Info.plist */,
				F9C9616BAEA0EF48B346A78A /* Products */,
				EA92CB242E41688E007279C1 /* Recovered References */,
				5910A232104F0D9371EC2385 /* Frameworks */,
				AE19CC4B5A3109CAED5F7FC8 /* watchOS */,
				83153F2E3B843971102A8558 /* Shared */,
				5E70505353F76411B0C2FA49 /* Resources */,
				8C20FE07528019BBF159072C /* Sources */,
				455ABC97CD860E8811F713D9 /* TERMS_OF_USE.md */,
				5F4694A7766267815150C51E /* PRIVACY_POLICY.md */,
				4B40C3FA80D47395A22ED0EE /* AnonymousCreditsManager.swift */,
				4BDF4DFCF16A5DACC75FED25 /* AnonymousPurchaseSheet.swift */,
			);
			sourceTree = "<group>";
		};
		5910A232104F0D9371EC2385 /* Frameworks */ = {
			isa = PBXGroup;
			children = (
				DD042B1D097EB986589343E5 /* watchOS */,
				BB06FBD6060F9943B627FBFA /* WatchConnectivity.framework */,
				0955261519B8B5B7E6172C93 /* WatchConnectivity.framework */,
				09094F6B645154860FDBB522 /* iOS */,
			);
			name = Frameworks;
			sourceTree = "<group>";
		};
		5E70505353F76411B0C2FA49 /* Resources */ = {
			isa = PBXGroup;
			children = (
				E208A5BC8B190DB15EC8F940 /* Localizable.strings */,
				CCDE3255A3510A2164560C4F /* Assets */,
				09AD697AB791DA9F3FC04948 /* Configuration */,
				CAEDAD421ECED0A5D9B327A2 /* Localization */,
			);
			name = Resources;
			sourceTree = "<group>";
		};
		640D6CEB1B55737868E18D70 /* App */ = {
			isa = PBXGroup;
			children = (
				9E9AFF452B3DDE396F5B1921 /* UniversalTranslatorApp.swift */,
				7DD8F86C605CC39E6021756A /* AppDelegate.swift */,
				27A2639274808AF858AD0112 /* SceneDelegate.swift */,
			);
			name = App;
			sourceTree = "<group>";
		};
		644A6DB3213E23D99C2944B4 /* Models */ = {
			isa = PBXGroup;
			children = (
				FB15E5BD36668592E98E476A /* TranslationRequest.swift */,
				694432A9A8D1446E370ADAB4 /* TranslationResponse.swift */,
				185831806BDFA33BC0C12BE6 /* TranslationError.swift */,
				ACC7D9F548C051DEB0512CC0 /* AudioConstants.swift */,
			);
			name = Models;
			sourceTree = "<group>";
		};
		679FFECBEDE52A65CAE493C9 /* fr.lproj */ = {
			isa = PBXGroup;
			children = (
				C62D0501257218F50B887EF7 /* Localizable.strings */,
			);
			name = fr.lproj;
			sourceTree = "<group>";
		};
		77736A009AFC2AA6C2D9FEE3 /* Views */ = {
			isa = PBXGroup;
			children = (
				D0D78810219E504692342D82 /* ProfileView.swift */,
				CC17D2EEA5CA3BC869AF05EC /* UsageStatisticsView.swift */,
				322AC51DBFE4BE22DEA83746 /* PurchaseSheet.swift */,
				008636DD4BAACBC1B34BC81E /* LegalDocumentView.swift */,
				A5CE947E79C159A08720BC92 /* SignInView.swift */,
				BB75C492B93A3B0BF5BDB4B9 /* ContentView.swift */,
				44A853F60B093E2A9BAC8669 /* CreditsBalanceView.swift */,
			);
			name = Views;
			sourceTree = "<group>";
		};
		83153F2E3B843971102A8558 /* Shared */ = {
			isa = PBXGroup;
			children = (
				EADB5FC82E576FC8005A74CD /* AudioConstants.swift */,
				EADB5FC92E576FC8005A74CD /* TranslationError.swift */,
				EADB5FCA2E576FC8005A74CD /* TranslationRequest.swift */,
				EADB5FCB2E576FC8005A74CD /* TranslationResponse.swift */,
			);
			name = Shared;
			sourceTree = "<group>";
		};
		8C20FE07528019BBF159072C /* Sources */ = {
			isa = PBXGroup;
			children = (
				640D6CEB1B55737868E18D70 /* App */,
				77736A009AFC2AA6C2D9FEE3 /* Views */,
				4768BC250B60832F1C8CB041 /* Components */,
				EA8E20B7F7EE7BE65E94CB67 /* ViewModels */,
				27162B97F22AAED0989A8C46 /* Services */,
				ECB14A887F427F05DF37BC70 /* Managers */,
				1CCB65BFCB680702EAFF27DD /* Utilities */,
				325C537681D42FDA5351B108 /* Extensions */,
				644A6DB3213E23D99C2944B4 /* Models */,
				02F187BE3DC96C76773204B0 /* Configuration */,
			);
			name = Sources;
			sourceTree = "<group>";
		};
		91DA544635D73B4F6CDC35FD /* ru.lproj */ = {
			isa = PBXGroup;
			children = (
				5F81392413D116851B3D806D /* Localizable.strings */,
			);
			name = ru.lproj;
			sourceTree = "<group>";
		};
		A439B110A232EF9900002433 /* en.lproj */ = {
			isa = PBXGroup;
			children = (
				AD587C5D9EF33F74A757A6AA /* Localizable.strings */,
			);
			name = en.lproj;
			sourceTree = "<group>";
		};
		AE19CC4B5A3109CAED5F7FC8 /* watchOS */ = {
			isa = PBXGroup;
			children = (
				EADB5FC62E576EE1005A74CD /* WatchAssets.xcassets */,
				EADB5FBE2E576DEF005A74CD /* ContentView.swift */,
				EADB5FBF2E576DEF005A74CD /* UniversalTranslatorWatchApp.swift */,
				EADB5FC02E576DEF005A74CD /* WatchAudioManager.swift */,
				EADB5FC12E576DEF005A74CD /* WatchConnectivityManager.swift */,
				54FE9C0AE04185601A3047B4 /* Info.plist */,
			);
			name = watchOS;
			sourceTree = "<group>";
		};
		B37F93B690DF5CCEAB6F3386 /* ja.lproj */ = {
			isa = PBXGroup;
			children = (
				CD082A6D561E3AA57CCEF381 /* Localizable.strings */,
			);
			name = ja.lproj;
			sourceTree = "<group>";
		};
		B5FAA6783C341765C82629E7 /* ko.lproj */ = {
			isa = PBXGroup;
			children = (
				989A40DD54C3E7B0DE3FF207 /* Localizable.strings */,
			);
			name = ko.lproj;
			sourceTree = "<group>";
		};
		B8281D0CDC14B1AB0DB38BED /* pt-BR.lproj */ = {
			isa = PBXGroup;
			children = (
				206486ADEB3FFB084BFC0CC0 /* Localizable.strings */,
			);
			name = "pt-BR.lproj";
			sourceTree = "<group>";
		};
		CAEDAD421ECED0A5D9B327A2 /* Localization */ = {
			isa = PBXGroup;
			children = (
				CB5CEF1ECA915E995085469A /* de.lproj */,
				0CD2D13AB5AAB9DC865617B7 /* ar.lproj */,
				B37F93B690DF5CCEAB6F3386 /* ja.lproj */,
				A439B110A232EF9900002433 /* en.lproj */,
				2D919D80ED5122C63CCD290D /* es.lproj */,
				0A6C1780366A60C53522BACE /* it.lproj */,
				B5FAA6783C341765C82629E7 /* ko.lproj */,
				B8281D0CDC14B1AB0DB38BED /* pt-BR.lproj */,
				91DA544635D73B4F6CDC35FD /* ru.lproj */,
				679FFECBEDE52A65CAE493C9 /* fr.lproj */,
				D481F9BA834B0EA1920FB1FD /* hi.lproj */,
				08B6F181525D0A125308E1C5 /* Localizable.strings */,
			);
			name = Localization;
			sourceTree = "<group>";
		};
		CB5CEF1ECA915E995085469A /* de.lproj */ = {
			isa = PBXGroup;
			children = (
				DFD21758AB9E0D50E239DDA9 /* Localizable.strings */,
			);
			name = de.lproj;
			sourceTree = "<group>";
		};
		CCDE3255A3510A2164560C4F /* Assets */ = {
			isa = PBXGroup;
			children = (
				E420A88031E718FBA982C50C /* Assets.xcassets */,
			);
			name = Assets;
			sourceTree = "<group>";
		};
		D481F9BA834B0EA1920FB1FD /* hi.lproj */ = {
			isa = PBXGroup;
			children = (
				3F19CE5DEF8473703CB36B99 /* Localizable.strings */,
			);
			name = hi.lproj;
			sourceTree = "<group>";
		};
		DD042B1D097EB986589343E5 /* watchOS */ = {
			isa = PBXGroup;
			children = (
			);
			name = watchOS;
			sourceTree = "<group>";
		};
		EA8E20B7F7EE7BE65E94CB67 /* ViewModels */ = {
			isa = PBXGroup;
			children = (
				94245457DF96A04FA32838A6 /* PurchaseViewModel.swift */,
				028FF42838DB52002D9A04B3 /* AuthViewModel.swift */,
			);
			name = ViewModels;
			sourceTree = "<group>";
		};
		EA92CB242E41688E007279C1 /* Recovered References */ = {
			isa = PBXGroup;
			children = (
				EA0483272E46D01B00F0DC51 /* Resources/Configuration/GoogleService-Info.plist */,
				577ED0340DAB4739BCDAEFC6 /* Resources/Assets/Assets.xcassets */,
			);
			name = "Recovered References";
			sourceTree = "<group>";
		};
		ECB14A887F427F05DF37BC70 /* Managers */ = {
			isa = PBXGroup;
			children = (
				59D6DF412A6C20AAB3E704DA /* AudioManager.swift */,
				67F69F45D7931C0BBE15C4DB /* CreditsManager.swift */,
				57FF363C7D52BA190FEC21E5 /* APIKeyManager.swift */,
				B67A7C4B0552DEB5352B8651 /* WatchSessionManager.swift */,
				6D08AA36650064A3FB53B748 /* StoreManager.swift */,
			);
			name = Managers;
			sourceTree = "<group>";
		};
		F9C9616BAEA0EF48B346A78A /* Products */ = {
			isa = PBXGroup;
			children = (
				05A353AEBB2BF5099E79B910 /* UniversalTranslator.app */,
				222C377315874FADD4536AB2 /* UniversalTranslator Watch App.app */,
				1631FD2A011C7010D758EE00 /* UniversalTranslator.xctest */,
				199521D8801D5AA67B0FAB6F /* UniversalTranslator.xctest */,
			);
			name = Products;
			sourceTree = "<group>";
		};
/* End PBXGroup section */

/* Begin PBXNativeTarget section */
		230FA8CE289B7ACA08E2A5F1 /* UniversalTranslatorUnitTests */ = {
			isa = PBXNativeTarget;
			buildConfigurationList = 440D5E402683CC3FD6D7A855 /* Build configuration list for PBXNativeTarget "UniversalTranslatorUnitTests" */;
			buildPhases = (
				74C1C812390D8AD0632F6623 /* Sources */,
				0F3F7520910E3AAB8DB7DFC9 /* Frameworks */,
				D0D4B41CD249313BA3D54D84 /* Resources */,
			);
			buildRules = (
			);
			dependencies = (
				0104FDEDE9E93743B78E8120 /* PBXTargetDependency */,
			);
			name = UniversalTranslatorUnitTests;
			productName = UniversalTranslatorUnitTests;
			productReference = 1631FD2A011C7010D758EE00 /* UniversalTranslator.xctest */;
			productType = "com.apple.product-type.bundle.unit-test";
		};
		AFCDE5B1195253251FAE2763 /* UniversalTranslator */ = {
			isa = PBXNativeTarget;
			buildConfigurationList = 7D6549B3C20977153D9C6E17 /* Build configuration list for PBXNativeTarget "UniversalTranslator" */;
			buildPhases = (
				F4860499308D0384598610D9 /* Check GoogleService-Info.plist */,
				F265BF0A54A9516C428BD95F /* Sources */,
				8865D905E8DBBDF66BA7E72F /* Resources */,
				1767338E0A70E81959EDF6EA /* Frameworks */,
				EADB5FD72E579207005A74CD /* Embed Watch Content */,
			);
			buildRules = (
			);
			dependencies = (
				3D2CE8AE8532EF41E2C5EEC4 /* PBXTargetDependency */,
				EAF0B6EB2E48E54700EE3653 /* PBXTargetDependency */,
				EADB5FD62E579207005A74CD /* PBXTargetDependency */,
				EADB5FD92E579222005A74CD /* PBXTargetDependency */,
			);
			name = UniversalTranslator;
			packageProductDependencies = (
				39FEAF9479B63DE143E7A747 /* FirebaseAnalytics */,
				43E6F3803B48A5BFF2DCE2FD /* FirebaseAuth */,
				1533F91A3FF1E7F60AD75DB6 /* FirebaseFirestore */,
				1F03BBBBBEDE976FE38C47C3 /* FirebaseFirestoreSwift */,
				2DB4C7213D368AA6287D930D /* FirebaseStorage */,
			);
			productName = UniversalTranslator;
			productReference = 05A353AEBB2BF5099E79B910 /* UniversalTranslator.app */;
			productType = "com.apple.product-type.application";
		};
		C9C0DFCE81E10BC23A9281F5 /* UniversalTranslator Watch App */ = {
			isa = PBXNativeTarget;
			buildConfigurationList = 20F11694AE758070E0DBBB85 /* Build configuration list for PBXNativeTarget "UniversalTranslator Watch App" */;
			buildPhases = (
				474410807AB4124115FBA2AD /* Sources */,
				5916FD7BD4A4500E2C06E857 /* Frameworks */,
				66F9F0653E063A3114C542AB /* Resources */,
			);
			buildRules = (
			);
			dependencies = (
			);
			name = "UniversalTranslator Watch App";
			productName = "UniversalTranslator Watch App";
			productReference = 222C377315874FADD4536AB2 /* UniversalTranslator Watch App.app */;
			productType = "com.apple.product-type.application";
		};
		CDC2E3685A4EC4898323BB00 /* UniversalTranslatorUITests */ = {
			isa = PBXNativeTarget;
			buildConfigurationList = 32DB9F59429EE6182A7034CE /* Build configuration list for PBXNativeTarget "UniversalTranslatorUITests" */;
			buildPhases = (
				95ADBA0A80C57F106D37D750 /* Sources */,
				A86B96AF0705CD3C9E354BF4 /* Frameworks */,
				4030FF4F6248E6EF015E9942 /* Resources */,
			);
			buildRules = (
			);
			dependencies = (
				C5454FC7F47C810B4AB83B92 /* PBXTargetDependency */,
			);
			name = UniversalTranslatorUITests;
			productName = UniversalTranslatorUITests;
			productReference = 199521D8801D5AA67B0FAB6F /* UniversalTranslator.xctest */;
			productType = "com.apple.product-type.bundle.ui-testing";
		};
/* End PBXNativeTarget section */

/* Begin PBXProject section */
		E7C7991A028B6E43CD4B1918 /* Project object */ = {
			isa = PBXProject;
			attributes = {
				BuildIndependentTargetsInParallel = YES;
				LastUpgradeCheck = 1430;
				TargetAttributes = {
					C9C0DFCE81E10BC23A9281F5 = {
						LastSwiftMigration = 1640;
					};
				};
			};
			buildConfigurationList = C6860AB2BEDCB5B259DE6E71 /* Build configuration list for PBXProject "UniversalTranslator" */;
			compatibilityVersion = "Xcode 14.0";
			developmentRegion = en;
			hasScannedForEncodings = 0;
			knownRegions = (
				en,
				es,
				fr,
				de,
				it,
				"pt-BR",
				ja,
				ru,
				ko,
				ar,
				hi,
				"zh-CN",
			);
			mainGroup = 4A5132BB0DF3195B1E9A7926;
			minimizedProjectReferenceProxies = 1;
			packageReferences = (
				73B3F0F408AB076E9E8C29DE /* XCRemoteSwiftPackageReference "firebase-ios-sdk" */,
			);
			productRefGroup = F9C9616BAEA0EF48B346A78A /* Products */;
			projectDirPath = "";
			projectRoot = "";
			targets = (
				AFCDE5B1195253251FAE2763 /* UniversalTranslator */,
				C9C0DFCE81E10BC23A9281F5 /* UniversalTranslator Watch App */,
				230FA8CE289B7ACA08E2A5F1 /* UniversalTranslatorUnitTests */,
				CDC2E3685A4EC4898323BB00 /* UniversalTranslatorUITests */,
			);
		};
/* End PBXProject section */

/* Begin PBXResourcesBuildPhase section */
		4030FF4F6248E6EF015E9942 /* Resources */ = {
			isa = PBXResourcesBuildPhase;
			buildActionMask = 2147483647;
			files = (
			);
			runOnlyForDeploymentPostprocessing = 0;
		};
		66F9F0653E063A3114C542AB /* Resources */ = {
			isa = PBXResourcesBuildPhase;
			buildActionMask = 2147483647;
			files = (
				EADB5FC72E576EE1005A74CD /* WatchAssets.xcassets in Resources */,
			);
			runOnlyForDeploymentPostprocessing = 0;
		};
		8865D905E8DBBDF66BA7E72F /* Resources */ = {
			isa = PBXResourcesBuildPhase;
			buildActionMask = 2147483647;
			files = (
				06C320ADF82A67FA6555CE32 /* Resources/Assets/Assets.xcassets in Resources */,
				BC87195FFC3BA6F6605CC322 /* Resources/Configuration/GoogleService-Info.plist in Resources */,
				760EF37AC9D19DF88A33FEA9 /* Localizable.strings in Resources */,
				9C86E31BEDE265F861C38295 /* Localizable.strings in Resources */,
				471CBC5178706885F1153E9F /* (null) in Resources */,
				7B6CC68D17B37E809D8C366E /* Localizable.strings in Resources */,
				CF9812F791EC7EA764D088F5 /* Localizable.strings in Resources */,
				EADB5FBD2E4D5139005A74CD /* LaunchScreen.storyboard in Resources */,
				878A0CFDA35575133E19E8B1 /* Localizable.strings in Resources */,
				02B3B596EC838081AA930CFA /* Localizable.strings in Resources */,
				D86DC1AB1BB1A3C32DA006F0 /* Localizable.strings in Resources */,
				CD450D48D90145CFFFC42087 /* Localizable.strings in Resources */,
				CA009F6C327E04FA54EA8270 /* Localizable.strings in Resources */,
				71BE4D031160CF7746FA0335 /* Localizable.strings in Resources */,
				34360533E401443C46D1C6AC /* Localizable.strings in Resources */,
				E365A80EFF30AE84559C37CF /* TERMS_OF_USE.md in Resources */,
				3B7B928F5DC843CF51DDCC73 /* PRIVACY_POLICY.md in Resources */,
				B5291927E6AE64D8E5DACDC4 /* Localizable.strings in Resources */,
			);
			runOnlyForDeploymentPostprocessing = 0;
		};
		D0D4B41CD249313BA3D54D84 /* Resources */ = {
			isa = PBXResourcesBuildPhase;
			buildActionMask = 2147483647;
			files = (
			);
			runOnlyForDeploymentPostprocessing = 0;
		};
/* End PBXResourcesBuildPhase section */

/* Begin PBXShellScriptBuildPhase section */
		F4860499308D0384598610D9 /* Check GoogleService-Info.plist */ = {
			isa = PBXShellScriptBuildPhase;
			buildActionMask = 2147483647;
			files = (
			);
			inputFileListPaths = (
			);
			inputPaths = (
			);
			name = "Check GoogleService-Info.plist";
			outputFileListPaths = (
			);
			outputPaths = (
			);
			runOnlyForDeploymentPostprocessing = 0;
			shellPath = /bin/sh;
			shellScript = "if [ ! -f \"${SRCROOT}/Resources/Configuration/GoogleService-Info.plist\" ]; then\n  echo \"error: GoogleService-Info.plist not found\"\n  exit 1\nfi\n";
			showEnvVarsInLog = 0;
		};
/* End PBXShellScriptBuildPhase section */

/* Begin PBXSourcesBuildPhase section */
		474410807AB4124115FBA2AD /* Sources */ = {
			isa = PBXSourcesBuildPhase;
			buildActionMask = 2147483647;
			files = (
				3ED5595B7760AE9FC304E87B /* (null) in Sources */,
				03E77333A27F521B5C08D640 /* (null) in Sources */,
				EADB5FD02E576FC8005A74CD /* TranslationRequest.swift in Sources */,
				EADB5FD12E576FC8005A74CD /* AudioConstants.swift in Sources */,
				EADB5FD22E576FC8005A74CD /* TranslationError.swift in Sources */,
				EADB5FD32E576FC8005A74CD /* TranslationResponse.swift in Sources */,
				EADB5FC22E576DEF005A74CD /* ContentView.swift in Sources */,
				EADB5FC32E576DEF005A74CD /* WatchConnectivityManager.swift in Sources */,
				EADB5FC42E576DEF005A74CD /* UniversalTranslatorWatchApp.swift in Sources */,
				EADB5FC52E576DEF005A74CD /* WatchAudioManager.swift in Sources */,
				1B44A5D82070BFC2C302AC8D /* (null) in Sources */,
				B4FECB272FD5F8554109C8E1 /* (null) in Sources */,
			);
			runOnlyForDeploymentPostprocessing = 0;
		};
		74C1C812390D8AD0632F6623 /* Sources */ = {
			isa = PBXSourcesBuildPhase;
			buildActionMask = 2147483647;
			files = (
			);
			runOnlyForDeploymentPostprocessing = 0;
		};
		95ADBA0A80C57F106D37D750 /* Sources */ = {
			isa = PBXSourcesBuildPhase;
			buildActionMask = 2147483647;
			files = (
			);
			runOnlyForDeploymentPostprocessing = 0;
		};
		F265BF0A54A9516C428BD95F /* Sources */ = {
			isa = PBXSourcesBuildPhase;
			buildActionMask = 2147483647;
			files = (
				454193E2D73A8E69D8F1B0BC /* PurchaseViewModel.swift in Sources */,
				15753D49D56E614CBF7240F7 /* AuthViewModel.swift in Sources */,
				9E99294C46B4AD8346EAB90C /* UniversalTranslatorApp.swift in Sources */,
				F9018A79BBEE0CA4FD442636 /* AppDelegate.swift in Sources */,
				411B3CCD041249F11A2FA0C3 /* SceneDelegate.swift in Sources */,
				5266A898E84A24F3EA023216 /* AudioManager.swift in Sources */,
				5B48DCB0482B964B74E290D2 /* CreditsManager.swift in Sources */,
				5BD9C6D7B2F19752E2D29FF7 /* APIKeyManager.swift in Sources */,
				952807026D0902C27D18807D /* WatchSessionManager.swift in Sources */,
				857EC74520A88C69C896435E /* StoreManager.swift in Sources */,
				8D0621B0330BE089FD84C643 /* AccessibilitySupport.swift in Sources */,
				FFF4EB123CDEF6FF7AF96E0E /* ModernAnimations.swift in Sources */,
				06A9B5BCD6E6256D6F0C6156 /* KeychainManager.swift in Sources */,
				B26FFAC49DF3E3D88DC78903 /* DesignConstants.swift in Sources */,
				CA2F40E3A215B3F865370517 /* SpeakEasyColors.swift in Sources */,
				0CDCA026A4CCA7C08E39B05D /* NetworkSecurityManager.swift in Sources */,
				A889BC26DA11C5FEF8CC573A /* NetworkConfig.swift in Sources */,
				D959C805232114B8D2901847 /* DeviceIdentity.swift in Sources */,
				7038CD0DB73768D0BDA91A09 /* ModernMicrophoneButton.swift in Sources */,
				63C2D18CD96CDF1DEA314898 /* LowBalanceToast.swift in Sources */,
				EADB5FCC2E576FC8005A74CD /* TranslationRequest.swift in Sources */,
				EADB5FCD2E576FC8005A74CD /* AudioConstants.swift in Sources */,
				EADB5FCE2E576FC8005A74CD /* TranslationError.swift in Sources */,
				EADB5FCF2E576FC8005A74CD /* TranslationResponse.swift in Sources */,
				9BC74F1C256BCE79C2640504 /* ModernLanguageSelector.swift in Sources */,
				128EE35958ECC095A111B0C3 /* SpeakEasyIcon.swift in Sources */,
				113ED667AF374EA6A386AC39 /* UsageStatsCard.swift in Sources */,
				C530A49A46B4548700F43078 /* LanguageCardsSelector.swift in Sources */,
				9D31BD10C2B7A43FC3976FA9 /* LanguageChipsRow.swift in Sources */,
				5339429A0ECA7524D632F8D8 /* ConversationBubblesView.swift in Sources */,
				A64710AED6114B86A63C0310 /* HeroHeader.swift in Sources */,
				DC35C3B6521E5D523CB4D674 /* ModernTextDisplayCard.swift in Sources */,
				37579BDD04350F3D3B7C00E4 /* ProfileView.swift in Sources */,
				F624726373D5A389CFBFA2D9 /* UsageStatisticsView.swift in Sources */,
				51DAC111AFC0180AA6BAD724 /* PurchaseSheet.swift in Sources */,
				312221B3F5ACC468D4496419 /* LegalDocumentView.swift in Sources */,
				36A4540C43F34BADFD13E7D9 /* SignInView.swift in Sources */,
				A0CC4DC2ACD8ED11DB4CBADE /* ContentView.swift in Sources */,
				B934FFD336D2DAB7C8565FEF /* CreditsBalanceView.swift in Sources */,
				1AF4CC44F0CA15BAE66B655C /* UsageTrackingService.swift in Sources */,
				8FCD3BF3CF50D59D098096F9 /* TranslationService.swift in Sources */,
				F87D567F0AA4F978E8E52BD7 /* TranslationRequest.swift in Sources */,
				EE3A9B9C86D4EC596D5C9D79 /* TranslationResponse.swift in Sources */,
				78C74474A6A7CBCBA020CC06 /* TranslationError.swift in Sources */,
				F913B285E525CFAFBD69E701 /* AudioConstants.swift in Sources */,
				A29F8C340EB8C29B71C653B2 /* AnonymousCreditsManager.swift in Sources */,
				71F4D82563717CCD3F74BB06 /* AnonymousPurchaseSheet.swift in Sources */,
				9501B86316F94C58B4E3ABE1 /* ZeroBalanceToast.swift in Sources */,
				3E9F5C4AA67D4EAB291C0EF8 /* SecureConfig.swift in Sources */,
				F08FB427228E7067020C4D1D /* FirebaseConfigManager.swift in Sources */,
			);
			runOnlyForDeploymentPostprocessing = 0;
		};
/* End PBXSourcesBuildPhase section */

/* Begin PBXTargetDependency section */
		0104FDEDE9E93743B78E8120 /* PBXTargetDependency */ = {
			isa = PBXTargetDependency;
			name = UniversalTranslator;
			target = AFCDE5B1195253251FAE2763 /* UniversalTranslator */;
			targetProxy = 766CFA27216FAE09346FCECB /* PBXContainerItemProxy */;
		};
		3D2CE8AE8532EF41E2C5EEC4 /* PBXTargetDependency */ = {
			isa = PBXTargetDependency;
			name = "UniversalTranslator Watch App";
			target = C9C0DFCE81E10BC23A9281F5 /* UniversalTranslator Watch App */;
			targetProxy = 23B1297B0871F0617C55D9E8 /* PBXContainerItemProxy */;
		};
		C5454FC7F47C810B4AB83B92 /* PBXTargetDependency */ = {
			isa = PBXTargetDependency;
			name = UniversalTranslator;
			target = AFCDE5B1195253251FAE2763 /* UniversalTranslator */;
			targetProxy = 396F4A47347AAB7D8DFBAADA /* PBXContainerItemProxy */;
		};
		EADB5FD62E579207005A74CD /* PBXTargetDependency */ = {
			isa = PBXTargetDependency;
			target = C9C0DFCE81E10BC23A9281F5 /* UniversalTranslator Watch App */;
			targetProxy = EADB5FD52E579207005A74CD /* PBXContainerItemProxy */;
		};
		EADB5FD92E579222005A74CD /* PBXTargetDependency */ = {
			isa = PBXTargetDependency;
			target = C9C0DFCE81E10BC23A9281F5 /* UniversalTranslator Watch App */;
			targetProxy = EADB5FD82E579222005A74CD /* PBXContainerItemProxy */;
		};
		EAF0B6EB2E48E54700EE3653 /* PBXTargetDependency */ = {
			isa = PBXTargetDependency;
			target = C9C0DFCE81E10BC23A9281F5 /* UniversalTranslator Watch App */;
			targetProxy = EAF0B6EA2E48E54700EE3653 /* PBXContainerItemProxy */;
		};
/* End PBXTargetDependency section */

/* Begin PBXVariantGroup section */
		08B6F181525D0A125308E1C5 /* Localizable.strings */ = {
			isa = PBXVariantGroup;
			children = (
				BF8B4987657681146AD3153E /* zh-CN */,
			);
			name = Localizable.strings;
			sourceTree = "<group>";
		};
		E208A5BC8B190DB15EC8F940 /* Localizable.strings */ = {
			isa = PBXVariantGroup;
			children = (
				269574400E0C2EF26F840BAE /* en */,
				9BA75DD708C67894696CECEB /* es */,
				711704F6EFABA256C448F2A8 /* fr */,
				2952DE4DAF50F1920A989607 /* de */,
				98B52D389A6CF9B61F9DD742 /* it */,
				F6D19873A998DF6A83118E5A /* Portuguese (Brazil) */,
				D0300DF263146515ACFC1117 /* ja */,
				58C77D3AB8796AAC17E91783 /* ru */,
				A4C66B778FB11CE6C771E154 /* ko */,
				61009A9B1D52FDC8FF6A7F36 /* ar */,
				F0E71E23B46B4B0C8077F5E9 /* hi */,
				B7E1F4956A369BC0E4761B82 /* zh-CN */,
			);
			name = Localizable.strings;
			sourceTree = "<group>";
		};
/* End PBXVariantGroup section */

/* Begin XCBuildConfiguration section */
		0449B40492BE8B734F901A65 /* Debug */ = {
			isa = XCBuildConfiguration;
			buildSettings = {
				CLANG_ENABLE_OBJC_WEAK = NO;
				IPHONEOS_DEPLOYMENT_TARGET = 17.0;
				SDKROOT = iphoneos;
			};
			name = Debug;
		};
		05D5ADC653E0931163CD8A65 /* Release */ = {
			isa = XCBuildConfiguration;
			buildSettings = {
				ARCHS = "$(ARCHS_STANDARD)";
				ASSETCATALOG_COMPILER_APPICON_NAME = AppIcon;
				ASSETCATALOG_COMPILER_GLOBAL_ACCENT_COLOR_NAME = AccentColor;
				CLANG_ENABLE_MODULES = YES;
				CODE_SIGN_ENTITLEMENTS = "../watchOS/UniversalTranslator Watch App.entitlements";
				CURRENT_PROJECT_VERSION = 14;
				DEVELOPMENT_TEAM = 3FLG8W6B95;
				ENABLE_BITCODE = YES;
				GENERATE_INFOPLIST_FILE = YES;
				INFOPLIST_FILE = ../watchOS/Info.plist;
				INFOPLIST_KEY_CFBundleDisplayName = "Universal AI Translator";
				INFOPLIST_KEY_ITSAppUsesNonExemptEncryption = NO;
				INFOPLIST_KEY_NSMicrophoneUsageDescription = "Mervyn Talks needs access to your microphone to record your speech for translation.";
				INFOPLIST_KEY_NSSpeechRecognitionUsageDescription = "Mervyn Talks uses speech recognition to convert your spoken words to text for translation.";
				INFOPLIST_KEY_UILaunchStoryboardName = LaunchScreen;
				INFOPLIST_KEY_UISupportedInterfaceOrientations = "UIInterfaceOrientationPortrait UIInterfaceOrientationLandscapeLeft UIInterfaceOrientationLandscapeRight";
				INFOPLIST_KEY_UISupportedInterfaceOrientations_iPad = "UIInterfaceOrientationPortrait UIInterfaceOrientationPortraitUpsideDown UIInterfaceOrientationLandscapeLeft UIInterfaceOrientationLandscapeRight";
				INFOPLIST_KEY_UISupportedInterfaceOrientations_iPhone = "UIInterfaceOrientationLandscapeLeft UIInterfaceOrientationLandscapeRight";
				INFOPLIST_KEY_WKCompanionAppBundleIdentifier = com.universaltranslator.app;
				INFOPLIST_KEY_WKRunsIndependently = NO;
				MARKETING_VERSION = 2.3;
				PRODUCT_BUNDLE_IDENTIFIER = com.universaltranslator.app.watchkitapp;
				PRODUCT_NAME = "UniversalTranslator Watch App";
				SDKROOT = watchos;
				SKIP_INSTALL = YES;
				SWIFT_VERSION = 5.0;
				TARGETED_DEVICE_FAMILY = 4;
				VALIDATE_PRODUCT = YES;
				VALID_ARCHS = "arm64 arm64_32";
				WATCHOS_DEPLOYMENT_TARGET = 10.0;
			};
			name = Release;
		};
		1AD40FEA745269C3EEBFCE16 /* Debug */ = {
			isa = XCBuildConfiguration;
			buildSettings = {
				ARCHS = "$(ARCHS_STANDARD)";
				ASSETCATALOG_COMPILER_APPICON_NAME = AppIcon;
				ASSETCATALOG_COMPILER_GLOBAL_ACCENT_COLOR_NAME = AccentColor;
				CLANG_ENABLE_MODULES = YES;
				CODE_SIGN_ENTITLEMENTS = "../watchOS/UniversalTranslator Watch App.entitlements";
				CURRENT_PROJECT_VERSION = 14;
				DEVELOPMENT_TEAM = 3FLG8W6B95;
				ENABLE_BITCODE = YES;
				GENERATE_INFOPLIST_FILE = YES;
				INFOPLIST_FILE = ../watchOS/Info.plist;
				INFOPLIST_KEY_CFBundleDisplayName = "Universal AI Translator";
				INFOPLIST_KEY_ITSAppUsesNonExemptEncryption = NO;
				INFOPLIST_KEY_NSMicrophoneUsageDescription = "Mervyn Talks needs access to your microphone to record your speech for translation.";
				INFOPLIST_KEY_NSSpeechRecognitionUsageDescription = "Mervyn Talks uses speech recognition to convert your spoken words to text for translation.";
				INFOPLIST_KEY_UILaunchStoryboardName = LaunchScreen;
				INFOPLIST_KEY_UISupportedInterfaceOrientations = "UIInterfaceOrientationPortrait UIInterfaceOrientationLandscapeLeft UIInterfaceOrientationLandscapeRight";
				INFOPLIST_KEY_UISupportedInterfaceOrientations_iPad = "UIInterfaceOrientationPortrait UIInterfaceOrientationPortraitUpsideDown UIInterfaceOrientationLandscapeLeft UIInterfaceOrientationLandscapeRight";
				INFOPLIST_KEY_UISupportedInterfaceOrientations_iPhone = "UIInterfaceOrientationLandscapeLeft UIInterfaceOrientationLandscapeRight";
				INFOPLIST_KEY_WKCompanionAppBundleIdentifier = com.universaltranslator.app;
				INFOPLIST_KEY_WKRunsIndependently = NO;
				MARKETING_VERSION = 2.3;
				PRODUCT_BUNDLE_IDENTIFIER = com.universaltranslator.app.watchkitapp;
				PRODUCT_NAME = "UniversalTranslator Watch App";
				SDKROOT = watchos;
				SKIP_INSTALL = YES;
				SWIFT_OPTIMIZATION_LEVEL = "-Onone";
				SWIFT_VERSION = 5.0;
				TARGETED_DEVICE_FAMILY = 4;
				VALID_ARCHS = "arm64 arm64_32";
				WATCHOS_DEPLOYMENT_TARGET = 10.0;
			};
			name = Debug;
		};
		2034BFFE77A01F1EEFD3ABA2 /* Release */ = {
			isa = XCBuildConfiguration;
			buildSettings = {
				CLANG_ENABLE_OBJC_WEAK = NO;
				IPHONEOS_DEPLOYMENT_TARGET = 17.0;
				SDKROOT = iphoneos;
				VALIDATE_PRODUCT = YES;
			};
			name = Release;
		};
		3418F071B93FA3E1365E3E04 /* Release */ = {
			isa = XCBuildConfiguration;
			buildSettings = {
				ALWAYS_SEARCH_USER_PATHS = NO;
				CLANG_ANALYZER_NONNULL = YES;
				CLANG_ANALYZER_NUMBER_OBJECT_CONVERSION = YES_AGGRESSIVE;
				CLANG_CXX_LANGUAGE_STANDARD = "gnu++14";
				CLANG_CXX_LIBRARY = "libc++";
				CLANG_ENABLE_MODULES = YES;
				CLANG_ENABLE_OBJC_ARC = YES;
				CLANG_ENABLE_OBJC_WEAK = YES;
				CLANG_WARN_BLOCK_CAPTURE_AUTORELEASING = YES;
				CLANG_WARN_BOOL_CONVERSION = YES;
				CLANG_WARN_COMMA = YES;
				CLANG_WARN_CONSTANT_CONVERSION = YES;
				CLANG_WARN_DEPRECATED_OBJC_IMPLEMENTATIONS = YES;
				CLANG_WARN_DIRECT_OBJC_ISA_USAGE = YES_ERROR;
				CLANG_WARN_DOCUMENTATION_COMMENTS = YES;
				CLANG_WARN_EMPTY_BODY = YES;
				CLANG_WARN_ENUM_CONVERSION = YES;
				CLANG_WARN_INFINITE_RECURSION = YES;
				CLANG_WARN_INT_CONVERSION = YES;
				CLANG_WARN_NON_LITERAL_NULL_CONVERSION = YES;
				CLANG_WARN_OBJC_IMPLICIT_RETAIN_SELF = YES;
				CLANG_WARN_OBJC_LITERAL_CONVERSION = YES;
				CLANG_WARN_OBJC_ROOT_CLASS = YES_ERROR;
				CLANG_WARN_QUOTED_INCLUDE_IN_FRAMEWORK_HEADER = YES;
				CLANG_WARN_RANGE_LOOP_ANALYSIS = YES;
				CLANG_WARN_STRICT_PROTOTYPES = YES;
				CLANG_WARN_SUSPICIOUS_MOVE = YES;
				CLANG_WARN_UNGUARDED_AVAILABILITY = YES_AGGRESSIVE;
				CLANG_WARN_UNREACHABLE_CODE = YES;
				CLANG_WARN__DUPLICATE_METHOD_MATCH = YES;
				COPY_PHASE_STRIP = NO;
				DEBUG_INFORMATION_FORMAT = "dwarf-with-dsym";
				DEVELOPMENT_TEAM = "";
				ENABLE_NS_ASSERTIONS = NO;
				ENABLE_STRICT_OBJC_MSGSEND = YES;
				GCC_C_LANGUAGE_STANDARD = gnu11;
				GCC_NO_COMMON_BLOCKS = YES;
				GCC_WARN_64_TO_32_BIT_CONVERSION = YES;
				GCC_WARN_ABOUT_RETURN_TYPE = YES_ERROR;
				GCC_WARN_UNDECLARED_SELECTOR = YES;
				GCC_WARN_UNINITIALIZED_AUTOS = YES_AGGRESSIVE;
				GCC_WARN_UNUSED_FUNCTION = YES;
				GCC_WARN_UNUSED_VARIABLE = YES;
				INFOPLIST_FILE = Info.plist;
				INFOPLIST_KEY_UISupportedInterfaceOrientations_iPhone = UIInterfaceOrientationLandscapeLeft;
				IPHONEOS_DEPLOYMENT_TARGET = 15.0;
				MTL_ENABLE_DEBUG_INFO = NO;
				MTL_FAST_MATH = YES;
				PRODUCT_BUNDLE_IDENTIFIER = com.universaltranslator.app;
				PRODUCT_NAME = UniversalTranslator;
				SDKROOT = iphoneos;
				SWIFT_COMPILATION_MODE = wholemodule;
				SWIFT_OPTIMIZATION_LEVEL = "-O";
				SWIFT_VERSION = 5.0;
				TARGETED_DEVICE_FAMILY = "1,2";
			};
			name = Release;
		};
		5724D6BCA1B4730C6EE96F4A /* Release */ = {
			isa = XCBuildConfiguration;
			buildSettings = {
				CLANG_ENABLE_OBJC_WEAK = NO;
				IPHONEOS_DEPLOYMENT_TARGET = 17.0;
				SDKROOT = iphoneos;
				VALIDATE_PRODUCT = YES;
			};
			name = Release;
		};
		6BAD91476FE7FD89B26F74B4 /* Release */ = {
			isa = XCBuildConfiguration;
			buildSettings = {
				ASSETCATALOG_COMPILER_APPICON_NAME = AppIcon;
				CODE_SIGN_ENTITLEMENTS = UniversalTranslator.entitlements;
				CODE_SIGN_IDENTITY = "iPhone Developer";
				CURRENT_PROJECT_VERSION = 14;
				DEVELOPMENT_TEAM = 3FLG8W6B95;
				GENERATE_INFOPLIST_FILE = NO;
				INFOPLIST_FILE = Resources/Configuration/Info.plist;
				INFOPLIST_KEY_LSApplicationCategoryType = "public.app-category.travel";
				INFOPLIST_KEY_UISupportedInterfaceOrientations_iPhone = UIInterfaceOrientationPortrait;
				INSTALLATION_DIRECTORY = /Applications;
				IPHONEOS_DEPLOYMENT_TARGET = 15.0;
				LD_RUNPATH_SEARCH_PATHS = (
					"$(inherited)",
					"@executable_path/Frameworks",
				);
				MARKETING_VERSION = 2.3;
				PRODUCT_BUNDLE_IDENTIFIER = com.universaltranslator.app;
				PRODUCT_NAME = UniversalTranslator;
				SDKROOT = iphoneos;
				SKIP_INSTALL = NO;
				SUPPORTED_PLATFORMS = "iphoneos iphonesimulator";
				SUPPORTS_MACCATALYST = NO;
				SUPPORTS_MAC_DESIGNED_FOR_IPHONE_IPAD = NO;
				SUPPORTS_XR_DESIGNED_FOR_IPHONE_IPAD = NO;
				SWIFT_VERSION = 5.0;
				TARGETED_DEVICE_FAMILY = 1;
			};
			name = Release;
		};
		7A8883139861528A360ADD71 /* Debug */ = {
			isa = XCBuildConfiguration;
			buildSettings = {
				ASSETCATALOG_COMPILER_APPICON_NAME = AppIcon;
				CODE_SIGN_ENTITLEMENTS = UniversalTranslator.entitlements;
				CODE_SIGN_IDENTITY = "iPhone Developer";
				CURRENT_PROJECT_VERSION = 14;
				DEVELOPMENT_TEAM = 3FLG8W6B95;
				GENERATE_INFOPLIST_FILE = NO;
				INFOPLIST_FILE = Resources/Configuration/Info.plist;
				INFOPLIST_KEY_LSApplicationCategoryType = "public.app-category.travel";
				INFOPLIST_KEY_UISupportedInterfaceOrientations_iPhone = UIInterfaceOrientationPortrait;
				INSTALLATION_DIRECTORY = /Applications;
				IPHONEOS_DEPLOYMENT_TARGET = 15.0;
				LD_RUNPATH_SEARCH_PATHS = (
					"$(inherited)",
					"@executable_path/Frameworks",
				);
				MARKETING_VERSION = 2.3;
				PRODUCT_BUNDLE_IDENTIFIER = com.universaltranslator.app;
				PRODUCT_NAME = UniversalTranslator;
				SDKROOT = iphoneos;
				SKIP_INSTALL = NO;
				SUPPORTED_PLATFORMS = "iphoneos iphonesimulator";
				SUPPORTS_MACCATALYST = NO;
				SUPPORTS_MAC_DESIGNED_FOR_IPHONE_IPAD = NO;
				SUPPORTS_XR_DESIGNED_FOR_IPHONE_IPAD = NO;
				SWIFT_VERSION = 5.0;
				TARGETED_DEVICE_FAMILY = 1;
			};
			name = Debug;
		};
		B3B4EB1A54B686AAC62B546F /* Debug */ = {
			isa = XCBuildConfiguration;
			buildSettings = {
				ALWAYS_SEARCH_USER_PATHS = NO;
				CLANG_ANALYZER_NONNULL = YES;
				CLANG_ANALYZER_NUMBER_OBJECT_CONVERSION = YES_AGGRESSIVE;
				CLANG_CXX_LANGUAGE_STANDARD = "gnu++14";
				CLANG_CXX_LIBRARY = "libc++";
				CLANG_ENABLE_MODULES = YES;
				CLANG_ENABLE_OBJC_ARC = YES;
				CLANG_ENABLE_OBJC_WEAK = YES;
				CLANG_WARN_BLOCK_CAPTURE_AUTORELEASING = YES;
				CLANG_WARN_BOOL_CONVERSION = YES;
				CLANG_WARN_COMMA = YES;
				CLANG_WARN_CONSTANT_CONVERSION = YES;
				CLANG_WARN_DEPRECATED_OBJC_IMPLEMENTATIONS = YES;
				CLANG_WARN_DIRECT_OBJC_ISA_USAGE = YES_ERROR;
				CLANG_WARN_DOCUMENTATION_COMMENTS = YES;
				CLANG_WARN_EMPTY_BODY = YES;
				CLANG_WARN_ENUM_CONVERSION = YES;
				CLANG_WARN_INFINITE_RECURSION = YES;
				CLANG_WARN_INT_CONVERSION = YES;
				CLANG_WARN_NON_LITERAL_NULL_CONVERSION = YES;
				CLANG_WARN_OBJC_IMPLICIT_RETAIN_SELF = YES;
				CLANG_WARN_OBJC_LITERAL_CONVERSION = YES;
				CLANG_WARN_OBJC_ROOT_CLASS = YES_ERROR;
				CLANG_WARN_QUOTED_INCLUDE_IN_FRAMEWORK_HEADER = YES;
				CLANG_WARN_RANGE_LOOP_ANALYSIS = YES;
				CLANG_WARN_STRICT_PROTOTYPES = YES;
				CLANG_WARN_SUSPICIOUS_MOVE = YES;
				CLANG_WARN_UNGUARDED_AVAILABILITY = YES_AGGRESSIVE;
				CLANG_WARN_UNREACHABLE_CODE = YES;
				CLANG_WARN__DUPLICATE_METHOD_MATCH = YES;
				COPY_PHASE_STRIP = NO;
				DEBUG_INFORMATION_FORMAT = dwarf;
				DEVELOPMENT_TEAM = "";
				ENABLE_STRICT_OBJC_MSGSEND = YES;
				ENABLE_TESTABILITY = YES;
				GCC_C_LANGUAGE_STANDARD = gnu11;
				GCC_DYNAMIC_NO_PIC = NO;
				GCC_NO_COMMON_BLOCKS = YES;
				GCC_OPTIMIZATION_LEVEL = 0;
				GCC_PREPROCESSOR_DEFINITIONS = (
					"$(inherited)",
					"DEBUG=1",
				);
				GCC_WARN_64_TO_32_BIT_CONVERSION = YES;
				GCC_WARN_ABOUT_RETURN_TYPE = YES_ERROR;
				GCC_WARN_UNDECLARED_SELECTOR = YES;
				GCC_WARN_UNINITIALIZED_AUTOS = YES_AGGRESSIVE;
				GCC_WARN_UNUSED_FUNCTION = YES;
				GCC_WARN_UNUSED_VARIABLE = YES;
				INFOPLIST_FILE = Info.plist;
				INFOPLIST_KEY_UISupportedInterfaceOrientations_iPhone = UIInterfaceOrientationLandscapeLeft;
				IPHONEOS_DEPLOYMENT_TARGET = 15.0;
				MTL_ENABLE_DEBUG_INFO = INCLUDE_SOURCE;
				MTL_FAST_MATH = YES;
				ONLY_ACTIVE_ARCH = YES;
				PRODUCT_BUNDLE_IDENTIFIER = com.universaltranslator.app;
				PRODUCT_NAME = UniversalTranslator;
				SDKROOT = iphoneos;
				SWIFT_ACTIVE_COMPILATION_CONDITIONS = DEBUG;
				SWIFT_OPTIMIZATION_LEVEL = "-Onone";
				SWIFT_VERSION = 5.0;
				TARGETED_DEVICE_FAMILY = "1,2";
			};
			name = Debug;
		};
		E7E858FFA92CD99810E1E322 /* Debug */ = {
			isa = XCBuildConfiguration;
			buildSettings = {
				CLANG_ENABLE_OBJC_WEAK = NO;
				IPHONEOS_DEPLOYMENT_TARGET = 17.0;
				SDKROOT = iphoneos;
			};
			name = Debug;
		};
/* End XCBuildConfiguration section */

/* Begin XCConfigurationList section */
		20F11694AE758070E0DBBB85 /* Build configuration list for PBXNativeTarget "UniversalTranslator Watch App" */ = {
			isa = XCConfigurationList;
			buildConfigurations = (
				05D5ADC653E0931163CD8A65 /* Release */,
				1AD40FEA745269C3EEBFCE16 /* Debug */,
			);
			defaultConfigurationIsVisible = 0;
			defaultConfigurationName = Release;
		};
		32DB9F59429EE6182A7034CE /* Build configuration list for PBXNativeTarget "UniversalTranslatorUITests" */ = {
			isa = XCConfigurationList;
			buildConfigurations = (
				2034BFFE77A01F1EEFD3ABA2 /* Release */,
				E7E858FFA92CD99810E1E322 /* Debug */,
			);
			defaultConfigurationIsVisible = 0;
			defaultConfigurationName = Release;
		};
		440D5E402683CC3FD6D7A855 /* Build configuration list for PBXNativeTarget "UniversalTranslatorUnitTests" */ = {
			isa = XCConfigurationList;
			buildConfigurations = (
				5724D6BCA1B4730C6EE96F4A /* Release */,
				0449B40492BE8B734F901A65 /* Debug */,
			);
			defaultConfigurationIsVisible = 0;
			defaultConfigurationName = Release;
		};
		7D6549B3C20977153D9C6E17 /* Build configuration list for PBXNativeTarget "UniversalTranslator" */ = {
			isa = XCConfigurationList;
			buildConfigurations = (
				7A8883139861528A360ADD71 /* Debug */,
				6BAD91476FE7FD89B26F74B4 /* Release */,
			);
			defaultConfigurationIsVisible = 0;
			defaultConfigurationName = Debug;
		};
		C6860AB2BEDCB5B259DE6E71 /* Build configuration list for PBXProject "UniversalTranslator" */ = {
			isa = XCConfigurationList;
			buildConfigurations = (
				B3B4EB1A54B686AAC62B546F /* Debug */,
				3418F071B93FA3E1365E3E04 /* Release */,
			);
			defaultConfigurationIsVisible = 0;
			defaultConfigurationName = Debug;
		};
/* End XCConfigurationList section */

/* Begin XCRemoteSwiftPackageReference section */
		73B3F0F408AB076E9E8C29DE /* XCRemoteSwiftPackageReference "firebase-ios-sdk" */ = {
			isa = XCRemoteSwiftPackageReference;
			repositoryURL = "https://github.com/firebase/firebase-ios-sdk";
			requirement = {
				kind = upToNextMajorVersion;
				minimumVersion = 10.0.0;
			};
		};
/* End XCRemoteSwiftPackageReference section */

/* Begin XCSwiftPackageProductDependency section */
		1533F91A3FF1E7F60AD75DB6 /* FirebaseFirestore */ = {
			isa = XCSwiftPackageProductDependency;
			package = 73B3F0F408AB076E9E8C29DE /* XCRemoteSwiftPackageReference "firebase-ios-sdk" */;
			productName = FirebaseFirestore;
		};
		1F03BBBBBEDE976FE38C47C3 /* FirebaseFirestoreSwift */ = {
			isa = XCSwiftPackageProductDependency;
			package = 73B3F0F408AB076E9E8C29DE /* XCRemoteSwiftPackageReference "firebase-ios-sdk" */;
			productName = FirebaseFirestoreSwift;
		};
		2DB4C7213D368AA6287D930D /* FirebaseStorage */ = {
			isa = XCSwiftPackageProductDependency;
			package = 73B3F0F408AB076E9E8C29DE /* XCRemoteSwiftPackageReference "firebase-ios-sdk" */;
			productName = FirebaseStorage;
		};
		39FEAF9479B63DE143E7A747 /* FirebaseAnalytics */ = {
			isa = XCSwiftPackageProductDependency;
			package = 73B3F0F408AB076E9E8C29DE /* XCRemoteSwiftPackageReference "firebase-ios-sdk" */;
			productName = FirebaseAnalytics;
		};
		43E6F3803B48A5BFF2DCE2FD /* FirebaseAuth */ = {
			isa = XCSwiftPackageProductDependency;
			package = 73B3F0F408AB076E9E8C29DE /* XCRemoteSwiftPackageReference "firebase-ios-sdk" */;
			productName = FirebaseAuth;
		};
/* End XCSwiftPackageProductDependency section */
	};
	rootObject = E7C7991A028B6E43CD4B1918 /* Project object */;
}
